// !$*UTF8*$!
{
	archiveVersion = 1;
	classes = {
	};
	objectVersion = 50;
	objects = {

/* Begin PBXBuildFile section */
		030DDAC623201A9A000F648F /* AppDelegate.swift in Sources */ = {isa = PBXBuildFile; fileRef = 030DDAC523201A9A000F648F /* AppDelegate.swift */; };
		030DDAC823201A9A000F648F /* ViewController.swift in Sources */ = {isa = PBXBuildFile; fileRef = 030DDAC723201A9A000F648F /* ViewController.swift */; };
		030DDACB23201A9A000F648F /* Main.storyboard in Resources */ = {isa = PBXBuildFile; fileRef = 030DDAC923201A9A000F648F /* Main.storyboard */; };
		030DDACD23201A9C000F648F /* Assets.xcassets in Resources */ = {isa = PBXBuildFile; fileRef = 030DDACC23201A9C000F648F /* Assets.xcassets */; };
		030DDAD023201A9C000F648F /* LaunchScreen.storyboard in Resources */ = {isa = PBXBuildFile; fileRef = 030DDACE23201A9C000F648F /* LaunchScreen.storyboard */; };
		034285B4232060AF00CAA375 /* CustomPin.swift in Sources */ = {isa = PBXBuildFile; fileRef = 034285B3232060AF00CAA375 /* CustomPin.swift */; };
		853D0038CC34CB46BBD3E9DC /* Pods_mapStanford.framework in Frameworks */ = {isa = PBXBuildFile; fileRef = 4DEDE5E260410FF2AD6E17BB /* Pods_mapStanford.framework */; };
/* End PBXBuildFile section */

/* Begin PBXFileReference section */
		030DDAC223201A9A000F648F /* mapStanford.app */ = {isa = PBXFileReference; explicitFileType = wrapper.application; includeInIndex = 0; path = mapStanford.app; sourceTree = BUILT_PRODUCTS_DIR; };
		030DDAC523201A9A000F648F /* AppDelegate.swift */ = {isa = PBXFileReference; lastKnownFileType = sourcecode.swift; path = AppDelegate.swift; sourceTree = "<group>"; };
		030DDAC723201A9A000F648F /* ViewController.swift */ = {isa = PBXFileReference; lastKnownFileType = sourcecode.swift; path = ViewController.swift; sourceTree = "<group>"; };
		030DDACA23201A9A000F648F /* Base */ = {isa = PBXFileReference; lastKnownFileType = file.storyboard; name = Base; path = Base.lproj/Main.storyboard; sourceTree = "<group>"; };
		030DDACC23201A9C000F648F /* Assets.xcassets */ = {isa = PBXFileReference; lastKnownFileType = folder.assetcatalog; path = Assets.xcassets; sourceTree = "<group>"; };
		030DDACF23201A9C000F648F /* Base */ = {isa = PBXFileReference; lastKnownFileType = file.storyboard; name = Base; path = Base.lproj/LaunchScreen.storyboard; sourceTree = "<group>"; };
		030DDAD123201A9C000F648F /* Info.plist */ = {isa = PBXFileReference; lastKnownFileType = text.plist.xml; path = Info.plist; sourceTree = "<group>"; };
		034285B3232060AF00CAA375 /* CustomPin.swift */ = {isa = PBXFileReference; lastKnownFileType = sourcecode.swift; path = CustomPin.swift; sourceTree = "<group>"; };
		4DEDE5E260410FF2AD6E17BB /* Pods_mapStanford.framework */ = {isa = PBXFileReference; explicitFileType = wrapper.framework; includeInIndex = 0; path = Pods_mapStanford.framework; sourceTree = BUILT_PRODUCTS_DIR; };
		6182E0F3F4B9D981CE7EED6E /* Pods-mapStanford.debug.xcconfig */ = {isa = PBXFileReference; includeInIndex = 1; lastKnownFileType = text.xcconfig; name = "Pods-mapStanford.debug.xcconfig"; path = "Target Support Files/Pods-mapStanford/Pods-mapStanford.debug.xcconfig"; sourceTree = "<group>"; };
		8CCEE9D7BE66D2E598516250 /* Pods-mapStanford.release.xcconfig */ = {isa = PBXFileReference; includeInIndex = 1; lastKnownFileType = text.xcconfig; name = "Pods-mapStanford.release.xcconfig"; path = "Target Support Files/Pods-mapStanford/Pods-mapStanford.release.xcconfig"; sourceTree = "<group>"; };
/* End PBXFileReference section */

/* Begin PBXFrameworksBuildPhase section */
		030DDABF23201A9A000F648F /* Frameworks */ = {
			isa = PBXFrameworksBuildPhase;
			buildActionMask = 2147483647;
			files = (
				853D0038CC34CB46BBD3E9DC /* Pods_mapStanford.framework in Frameworks */,
			);
			runOnlyForDeploymentPostprocessing = 0;
		};
/* End PBXFrameworksBuildPhase section */

/* Begin PBXGroup section */
		030DDAB923201A9A000F648F = {
			isa = PBXGroup;
			children = (
				030DDAC423201A9A000F648F /* mapStanford */,
				030DDAC323201A9A000F648F /* Products */,
				1F6633456B32677FEC9F719B /* Pods */,
				E7DEF4EC038A727DA6E49780 /* Frameworks */,
			);
			sourceTree = "<group>";
		};
		030DDAC323201A9A000F648F /* Products */ = {
			isa = PBXGroup;
			children = (
				030DDAC223201A9A000F648F /* mapStanford.app */,
			);
			name = Products;
			sourceTree = "<group>";
		};
		030DDAC423201A9A000F648F /* mapStanford */ = {
			isa = PBXGroup;
			children = (
				030DDAC523201A9A000F648F /* AppDelegate.swift */,
				034285B3232060AF00CAA375 /* CustomPin.swift */,
				030DDAC723201A9A000F648F /* ViewController.swift */,
				030DDAC923201A9A000F648F /* Main.storyboard */,
				030DDACC23201A9C000F648F /* Assets.xcassets */,
				030DDACE23201A9C000F648F /* LaunchScreen.storyboard */,
				030DDAD123201A9C000F648F /* Info.plist */,
			);
			path = mapStanford;
			sourceTree = "<group>";
		};
		1F6633456B32677FEC9F719B /* Pods */ = {
			isa = PBXGroup;
			children = (
				6182E0F3F4B9D981CE7EED6E /* Pods-mapStanford.debug.xcconfig */,
				8CCEE9D7BE66D2E598516250 /* Pods-mapStanford.release.xcconfig */,
			);
			name = Pods;
			path = Pods;
			sourceTree = "<group>";
		};
		E7DEF4EC038A727DA6E49780 /* Frameworks */ = {
			isa = PBXGroup;
			children = (
				4DEDE5E260410FF2AD6E17BB /* Pods_mapStanford.framework */,
			);
			name = Frameworks;
			sourceTree = "<group>";
		};
/* End PBXGroup section */

/* Begin PBXNativeTarget section */
		030DDAC123201A9A000F648F /* mapStanford */ = {
			isa = PBXNativeTarget;
			buildConfigurationList = 030DDAD423201A9C000F648F /* Build configuration list for PBXNativeTarget "mapStanford" */;
			buildPhases = (
				15B98792E1DFB6F75C031FD4 /* [CP] Check Pods Manifest.lock */,
				030DDABE23201A9A000F648F /* Sources */,
				030DDABF23201A9A000F648F /* Frameworks */,
				030DDAC023201A9A000F648F /* Resources */,
				ABFBD74E8E4FB1109132B051 /* [CP] Copy Pods Resources */,
			);
			buildRules = (
			);
			dependencies = (
			);
			name = mapStanford;
			productName = mapStanford;
			productReference = 030DDAC223201A9A000F648F /* mapStanford.app */;
			productType = "com.apple.product-type.application";
		};
/* End PBXNativeTarget section */

/* Begin PBXProject section */
		030DDABA23201A9A000F648F /* Project object */ = {
			isa = PBXProject;
			attributes = {
				LastSwiftUpdateCheck = 1030;
				LastUpgradeCheck = 1030;
				ORGANIZATIONNAME = "Ebrahim Mo Gedamy";
				TargetAttributes = {
					030DDAC123201A9A000F648F = {
						CreatedOnToolsVersion = 10.3;
					};
				};
			};
			buildConfigurationList = 030DDABD23201A9A000F648F /* Build configuration list for PBXProject "mapStanford" */;
			compatibilityVersion = "Xcode 9.3";
			developmentRegion = en;
			hasScannedForEncodings = 0;
			knownRegions = (
				en,
				Base,
			);
			mainGroup = 030DDAB923201A9A000F648F;
			productRefGroup = 030DDAC323201A9A000F648F /* Products */;
			projectDirPath = "";
			projectRoot = "";
			targets = (
				030DDAC123201A9A000F648F /* mapStanford */,
			);
		};
/* End PBXProject section */

/* Begin PBXResourcesBuildPhase section */
		030DDAC023201A9A000F648F /* Resources */ = {
			isa = PBXResourcesBuildPhase;
			buildActionMask = 2147483647;
			files = (
				030DDAD023201A9C000F648F /* LaunchScreen.storyboard in Resources */,
				030DDACD23201A9C000F648F /* Assets.xcassets in Resources */,
				030DDACB23201A9A000F648F /* Main.storyboard in Resources */,
			);
			runOnlyForDeploymentPostprocessing = 0;
		};
/* End PBXResourcesBuildPhase section */

/* Begin PBXShellScriptBuildPhase section */
		15B98792E1DFB6F75C031FD4 /* [CP] Check Pods Manifest.lock */ = {
			isa = PBXShellScriptBuildPhase;
			buildActionMask = 2147483647;
			files = (
			);
			inputFileListPaths = (
			);
			inputPaths = (
				"${PODS_PODFILE_DIR_PATH}/Podfile.lock",
				"${PODS_ROOT}/Manifest.lock",
			);
			name = "[CP] Check Pods Manifest.lock";
			outputFileListPaths = (
			);
			outputPaths = (
				"$(DERIVED_FILE_DIR)/Pods-mapStanford-checkManifestLockResult.txt",
			);
			runOnlyForDeploymentPostprocessing = 0;
			shellPath = /bin/sh;
			shellScript = "diff \"${PODS_PODFILE_DIR_PATH}/Podfile.lock\" \"${PODS_ROOT}/Manifest.lock\" > /dev/null\nif [ $? != 0 ] ; then\n    # print error to STDERR\n    echo \"error: The sandbox is not in sync with the Podfile.lock. Run 'pod install' or update your CocoaPods installation.\" >&2\n    exit 1\nfi\n# This output is used by Xcode 'outputs' to avoid re-running this script phase.\necho \"SUCCESS\" > \"${SCRIPT_OUTPUT_FILE_0}\"\n";
			showEnvVarsInLog = 0;
		};
		ABFBD74E8E4FB1109132B051 /* [CP] Copy Pods Resources */ = {
			isa = PBXShellScriptBuildPhase;
			buildActionMask = 2147483647;
			files = (
			);
			inputFileListPaths = (
				"${PODS_ROOT}/Target Support Files/Pods-mapStanford/Pods-mapStanford-resources-${CONFIGURATION}-input-files.xcfilelist",
			);
			name = "[CP] Copy Pods Resources";
			outputFileListPaths = (
				"${PODS_ROOT}/Target Support Files/Pods-mapStanford/Pods-mapStanford-resources-${CONFIGURATION}-output-files.xcfilelist",
			);
			runOnlyForDeploymentPostprocessing = 0;
			shellPath = /bin/sh;
			shellScript = "\"${PODS_ROOT}/Target Support Files/Pods-mapStanford/Pods-mapStanford-resources.sh\"\n";
			showEnvVarsInLog = 0;
		};
/* End PBXShellScriptBuildPhase section */

/* Begin PBXSourcesBuildPhase section */
		030DDABE23201A9A000F648F /* Sources */ = {
			isa = PBXSourcesBuildPhase;
			buildActionMask = 2147483647;
			files = (
				034285B4232060AF00CAA375 /* CustomPin.swift in Sources */,
				030DDAC823201A9A000F648F /* ViewController.swift in Sources */,
				030DDAC623201A9A000F648F /* AppDelegate.swift in Sources */,
			);
			runOnlyForDeploymentPostprocessing = 0;
		};
/* End PBXSourcesBuildPhase section */

/* Begin PBXVariantGroup section */
		030DDAC923201A9A000F648F /* Main.storyboard */ = {
			isa = PBXVariantGroup;
			children = (
				030DDACA23201A9A000F648F /* Base */,
			);
			name = Main.storyboard;
			sourceTree = "<group>";
		};
		030DDACE23201A9C000F648F /* LaunchScreen.storyboard */ = {
			isa = PBXVariantGroup;
			children = (
				030DDACF23201A9C000F648F /* Base */,
			);
			name = LaunchScreen.storyboard;
			sourceTree = "<group>";
		};
/* End PBXVariantGroup section */

/* Begin XCBuildConfiguration section */
		030DDAD223201A9C000F648F /* Debug */ = {
			isa = XCBuildConfiguration;
			buildSettings = {
				ALWAYS_SEARCH_USER_PATHS = NO;
				CLANG_ANALYZER_NONNULL = YES;
				CLANG_ANALYZER_NUMBER_OBJECT_CONVERSION = YES_AGGRESSIVE;
				CLANG_CXX_LANGUAGE_STANDARD = "gnu++14";
				CLANG_CXX_LIBRARY = "libc++";
				CLANG_ENABLE_MODULES = YES;
				CLANG_ENABLE_OBJC_ARC = YES;
				CLANG_ENABLE_OBJC_WEAK = YES;
				CLANG_WARN_BLOCK_CAPTURE_AUTORELEASING = YES;
				CLANG_WARN_BOOL_CONVERSION = YES;
				CLANG_WARN_COMMA = YES;
				CLANG_WARN_CONSTANT_CONVERSION = YES;
				CLANG_WARN_DEPRECATED_OBJC_IMPLEMENTATIONS = YES;
				CLANG_WARN_DIRECT_OBJC_ISA_USAGE = YES_ERROR;
				CLANG_WARN_DOCUMENTATION_COMMENTS = YES;
				CLANG_WARN_EMPTY_BODY = YES;
				CLANG_WARN_ENUM_CONVERSION = YES;
				CLANG_WARN_INFINITE_RECURSION = YES;
				CLANG_WARN_INT_CONVERSION = YES;
				CLANG_WARN_NON_LITERAL_NULL_CONVERSION = YES;
				CLANG_WARN_OBJC_IMPLICIT_RETAIN_SELF = YES;
				CLANG_WARN_OBJC_LITERAL_CONVERSION = YES;
				CLANG_WARN_OBJC_ROOT_CLASS = YES_ERROR;
				CLANG_WARN_RANGE_LOOP_ANALYSIS = YES;
				CLANG_WARN_STRICT_PROTOTYPES = YES;
				CLANG_WARN_SUSPICIOUS_MOVE = YES;
				CLANG_WARN_UNGUARDED_AVAILABILITY = YES_AGGRESSIVE;
				CLANG_WARN_UNREACHABLE_CODE = YES;
				CLANG_WARN__DUPLICATE_METHOD_MATCH = YES;
				CODE_SIGN_IDENTITY = "iPhone Developer";
				COPY_PHASE_STRIP = NO;
				DEBUG_INFORMATION_FORMAT = dwarf;
				ENABLE_STRICT_OBJC_MSGSEND = YES;
				ENABLE_TESTABILITY = YES;
				GCC_C_LANGUAGE_STANDARD = gnu11;
				GCC_DYNAMIC_NO_PIC = NO;
				GCC_NO_COMMON_BLOCKS = YES;
				GCC_OPTIMIZATION_LEVEL = 0;
				GCC_PREPROCESSOR_DEFINITIONS = (
					"DEBUG=1",
					"$(inherited)",
				);
				GCC_WARN_64_TO_32_BIT_CONVERSION = YES;
				GCC_WARN_ABOUT_RETURN_TYPE = YES_ERROR;
				GCC_WARN_UNDECLARED_SELECTOR = YES;
				GCC_WARN_UNINITIALIZED_AUTOS = YES_AGGRESSIVE;
				GCC_WARN_UNUSED_FUNCTION = YES;
				GCC_WARN_UNUSED_VARIABLE = YES;
				IPHONEOS_DEPLOYMENT_TARGET = 12.4;
				MTL_ENABLE_DEBUG_INFO = INCLUDE_SOURCE;
				MTL_FAST_MATH = YES;
				ONLY_ACTIVE_ARCH = YES;
				SDKROOT = iphoneos;
				SWIFT_ACTIVE_COMPILATION_CONDITIONS = DEBUG;
				SWIFT_OPTIMIZATION_LEVEL = "-Onone";
			};
			name = Debug;
		};
		030DDAD323201A9C000F648F /* Release */ = {
			isa = XCBuildConfiguration;
			buildSettings = {
				ALWAYS_SEARCH_USER_PATHS = NO;
				CLANG_ANALYZER_NONNULL = YES;
				CLANG_ANALYZER_NUMBER_OBJECT_CONVERSION = YES_AGGRESSIVE;
				CLANG_CXX_LANGUAGE_STANDARD = "gnu++14";
				CLANG_CXX_LIBRARY = "libc++";
				CLANG_ENABLE_MODULES = YES;
				CLANG_ENABLE_OBJC_ARC = YES;
				CLANG_ENABLE_OBJC_WEAK = YES;
				CLANG_WARN_BLOCK_CAPTURE_AUTORELEASING = YES;
				CLANG_WARN_BOOL_CONVERSION = YES;
				CLANG_WARN_COMMA = YES;
				CLANG_WARN_CONSTANT_CONVERSION = YES;
				CLANG_WARN_DEPRECATED_OBJC_IMPLEMENTATIONS = YES;
				CLANG_WARN_DIRECT_OBJC_ISA_USAGE = YES_ERROR;
				CLANG_WARN_DOCUMENTATION_COMMENTS = YES;
				CLANG_WARN_EMPTY_BODY = YES;
				CLANG_WARN_ENUM_CONVERSION = YES;
				CLANG_WARN_INFINITE_RECURSION = YES;
				CLANG_WARN_INT_CONVERSION = YES;
				CLANG_WARN_NON_LITERAL_NULL_CONVERSION = YES;
				CLANG_WARN_OBJC_IMPLICIT_RETAIN_SELF = YES;
				CLANG_WARN_OBJC_LITERAL_CONVERSION = YES;
				CLANG_WARN_OBJC_ROOT_CLASS = YES_ERROR;
				CLANG_WARN_RANGE_LOOP_ANALYSIS = YES;
				CLANG_WARN_STRICT_PROTOTYPES = YES;
				CLANG_WARN_SUSPICIOUS_MOVE = YES;
				CLANG_WARN_UNGUARDED_AVAILABILITY = YES_AGGRESSIVE;
				CLANG_WARN_UNREACHABLE_CODE = YES;
				CLANG_WARN__DUPLICATE_METHOD_MATCH = YES;
				CODE_SIGN_IDENTITY = "iPhone Developer";
				COPY_PHASE_STRIP = NO;
				DEBUG_INFORMATION_FORMAT = "dwarf-with-dsym";
				ENABLE_NS_ASSERTIONS = NO;
				ENABLE_STRICT_OBJC_MSGSEND = YES;
				GCC_C_LANGUAGE_STANDARD = gnu11;
				GCC_NO_COMMON_BLOCKS = YES;
				GCC_WARN_64_TO_32_BIT_CONVERSION = YES;
				GCC_WARN_ABOUT_RETURN_TYPE = YES_ERROR;
				GCC_WARN_UNDECLARED_SELECTOR = YES;
				GCC_WARN_UNINITIALIZED_AUTOS = YES_AGGRESSIVE;
				GCC_WARN_UNUSED_FUNCTION = YES;
				GCC_WARN_UNUSED_VARIABLE = YES;
				IPHONEOS_DEPLOYMENT_TARGET = 12.4;
				MTL_ENABLE_DEBUG_INFO = NO;
				MTL_FAST_MATH = YES;
				SDKROOT = iphoneos;
				SWIFT_COMPILATION_MODE = wholemodule;
				SWIFT_OPTIMIZATION_LEVEL = "-O";
				VALIDATE_PRODUCT = YES;
			};
			name = Release;
		};
		030DDAD523201A9C000F648F /* Debug */ = {
			isa = XCBuildConfiguration;
			baseConfigurationReference = 6182E0F3F4B9D981CE7EED6E /* Pods-mapStanford.debug.xcconfig */;
			buildSettings = {
				ASSETCATALOG_COMPILER_APPICON_NAME = AppIcon;
				CODE_SIGN_STYLE = Automatic;
				DEVELOPMENT_TEAM = V639XPXR4D;
				INFOPLIST_FILE = mapStanford/Info.plist;
				LD_RUNPATH_SEARCH_PATHS = (
					"$(inherited)",
					"@executable_path/Frameworks",
				);
				PRODUCT_BUNDLE_IDENTIFIER = EbrahimMoGedamy.mapStanford;
				PRODUCT_NAME = "$(TARGET_NAME)";
				SWIFT_VERSION = 5.0;
				TARGETED_DEVICE_FAMILY = "1,2";
			};
			name = Debug;
		};
		030DDAD623201A9C000F648F /* Release */ = {
			isa = XCBuildConfiguration;
			baseConfigurationReference = 8CCEE9D7BE66D2E598516250 /* Pods-mapStanford.release.xcconfig */;
			buildSettings = {
				ASSETCATALOG_COMPILER_APPICON_NAME = AppIcon;
				CODE_SIGN_STYLE = Automatic;
				DEVELOPMENT_TEAM = V639XPXR4D;
				INFOPLIST_FILE = mapStanford/Info.plist;
				LD_RUNPATH_SEARCH_PATHS = (
					"$(inherited)",
					"@executable_path/Frameworks",
				);
				PRODUCT_BUNDLE_IDENTIFIER = EbrahimMoGedamy.mapStanford;
				PRODUCT_NAME = "$(TARGET_NAME)";
				SWIFT_VERSION = 5.0;
				TARGETED_DEVICE_FAMILY = "1,2";
			};
			name = Release;
		};
/* End XCBuildConfiguration section */

/* Begin XCConfigurationList section */
		030DDABD23201A9A000F648F /* Build configuration list for PBXProject "mapStanford" */ = {
			isa = XCConfigurationList;
			buildConfigurations = (
				030DDAD223201A9C000F648F /* Debug */,
				030DDAD323201A9C000F648F /* Release */,
			);
			defaultConfigurationIsVisible = 0;
			defaultConfigurationName = Release;
		};
		030DDAD423201A9C000F648F /* Build configuration list for PBXNativeTarget "mapStanford" */ = {
			isa = XCConfigurationList;
			buildConfigurations = (
				030DDAD523201A9C000F648F /* Debug */,
				030DDAD623201A9C000F648F /* Release */,
			);
			defaultConfigurationIsVisible = 0;
			defaultConfigurationName = Release;
		};
/* End XCConfigurationList section */
	};
	rootObject = 030DDABA23201A9A000F648F /* Project object */;
}
