// !$*UTF8*$!
{
	archiveVersion = 1;
	classes = {
	};
	objectVersion = 50;
	objects = {

/* Begin PBXBuildFile section */
		038CCE1A238C5E3400D16BF6 /* AppDelegate.swift in Sources */ = {isa = PBXBuildFile; fileRef = 038CCE19238C5E3400D16BF6 /* AppDelegate.swift */; };
		038CCE1C238C5E3400D16BF6 /* SceneDelegate.swift in Sources */ = {isa = PBXBuildFile; fileRef = 038CCE1B238C5E3400D16BF6 /* SceneDelegate.swift */; };
		038CCE1E238C5E3400D16BF6 /* ViewController.swift in Sources */ = {isa = PBXBuildFile; fileRef = 038CCE1D238C5E3400D16BF6 /* ViewController.swift */; };
		038CCE21238C5E3400D16BF6 /* Main.storyboard in Resources */ = {isa = PBXBuildFile; fileRef = 038CCE1F238C5E3400D16BF6 /* Main.storyboard */; };
		038CCE23238C5E3800D16BF6 /* Assets.xcassets in Resources */ = {isa = PBXBuildFile; fileRef = 038CCE22238C5E3800D16BF6 /* Assets.xcassets */; };
		038CCE26238C5E3800D16BF6 /* LaunchScreen.storyboard in Resources */ = {isa = PBXBuildFile; fileRef = 038CCE24238C5E3800D16BF6 /* LaunchScreen.storyboard */; };
		038CCE2E238C65E400D16BF6 /* SecondVC.swift in Sources */ = {isa = PBXBuildFile; fileRef = 038CCE2D238C65E400D16BF6 /* SecondVC.swift */; };
/* End PBXBuildFile section */

/* Begin PBXFileReference section */
		038CCE16238C5E3400D16BF6 /* notaficationCenterDemo.app */ = {isa = PBXFileReference; explicitFileType = wrapper.application; includeInIndex = 0; path = notaficationCenterDemo.app; sourceTree = BUILT_PRODUCTS_DIR; };
		038CCE19238C5E3400D16BF6 /* AppDelegate.swift */ = {isa = PBXFileReference; lastKnownFileType = sourcecode.swift; path = AppDelegate.swift; sourceTree = "<group>"; };
		038CCE1B238C5E3400D16BF6 /* SceneDelegate.swift */ = {isa = PBXFileReference; lastKnownFileType = sourcecode.swift; path = SceneDelegate.swift; sourceTree = "<group>"; };
		038CCE1D238C5E3400D16BF6 /* ViewController.swift */ = {isa = PBXFileReference; lastKnownFileType = sourcecode.swift; path = ViewController.swift; sourceTree = "<group>"; };
		038CCE20238C5E3400D16BF6 /* Base */ = {isa = PBXFileReference; lastKnownFileType = file.storyboard; name = Base; path = Base.lproj/Main.storyboard; sourceTree = "<group>"; };
		038CCE22238C5E3800D16BF6 /* Assets.xcassets */ = {isa = PBXFileReference; lastKnownFileType = folder.assetcatalog; path = Assets.xcassets; sourceTree = "<group>"; };
		038CCE25238C5E3800D16BF6 /* Base */ = {isa = PBXFileReference; lastKnownFileType = file.storyboard; name = Base; path = Base.lproj/LaunchScreen.storyboard; sourceTree = "<group>"; };
		038CCE27238C5E3800D16BF6 /* Info.plist */ = {isa = PBXFileReference; lastKnownFileType = text.plist.xml; path = Info.plist; sourceTree = "<group>"; };
		038CCE2D238C65E400D16BF6 /* SecondVC.swift */ = {isa = PBXFileReference; lastKnownFileType = sourcecode.swift; path = SecondVC.swift; sourceTree = "<group>"; };
/* End PBXFileReference section */

/* Begin PBXFrameworksBuildPhase section */
		038CCE13238C5E3400D16BF6 /* Frameworks */ = {
			isa = PBXFrameworksBuildPhase;
			buildActionMask = 2147483647;
			files = (
			);
			runOnlyForDeploymentPostprocessing = 0;
		};
/* End PBXFrameworksBuildPhase section */

/* Begin PBXGroup section */
		038CCE0D238C5E3400D16BF6 = {
			isa = PBXGroup;
			children = (
				038CCE18238C5E3400D16BF6 /* notaficationCenterDemo */,
				038CCE17238C5E3400D16BF6 /* Products */,
			);
			sourceTree = "<group>";
		};
		038CCE17238C5E3400D16BF6 /* Products */ = {
			isa = PBXGroup;
			children = (
				038CCE16238C5E3400D16BF6 /* notaficationCenterDemo.app */,
			);
			name = Products;
			sourceTree = "<group>";
		};
		038CCE18238C5E3400D16BF6 /* notaficationCenterDemo */ = {
			isa = PBXGroup;
			children = (
				038CCE19238C5E3400D16BF6 /* AppDelegate.swift */,
				038CCE1B238C5E3400D16BF6 /* SceneDelegate.swift */,
				038CCE1D238C5E3400D16BF6 /* ViewController.swift */,
				038CCE1F238C5E3400D16BF6 /* Main.storyboard */,
				038CCE22238C5E3800D16BF6 /* Assets.xcassets */,
				038CCE24238C5E3800D16BF6 /* LaunchScreen.storyboard */,
				038CCE27238C5E3800D16BF6 /* Info.plist */,
				038CCE2D238C65E400D16BF6 /* SecondVC.swift */,
			);
			path = notaficationCenterDemo;
			sourceTree = "<group>";
		};
/* End PBXGroup section */

/* Begin PBXNativeTarget section */
		038CCE15238C5E3400D16BF6 /* notaficationCenterDemo */ = {
			isa = PBXNativeTarget;
			buildConfigurationList = 038CCE2A238C5E3800D16BF6 /* Build configuration list for PBXNativeTarget "notaficationCenterDemo" */;
			buildPhases = (
				038CCE12238C5E3400D16BF6 /* Sources */,
				038CCE13238C5E3400D16BF6 /* Frameworks */,
				038CCE14238C5E3400D16BF6 /* Resources */,
			);
			buildRules = (
			);
			dependencies = (
			);
			name = notaficationCenterDemo;
			productName = notaficationCenterDemo;
			productReference = 038CCE16238C5E3400D16BF6 /* notaficationCenterDemo.app */;
			productType = "com.apple.product-type.application";
		};
/* End PBXNativeTarget section */

/* Begin PBXProject section */
		038CCE0E238C5E3400D16BF6 /* Project object */ = {
			isa = PBXProject;
			attributes = {
				LastSwiftUpdateCheck = 1120;
				LastUpgradeCheck = 1120;
				ORGANIZATIONNAME = "Ebrahim  Mo Gedamy";
				TargetAttributes = {
					038CCE15238C5E3400D16BF6 = {
						CreatedOnToolsVersion = 11.2.1;
					};
				};
			};
			buildConfigurationList = 038CCE11238C5E3400D16BF6 /* Build configuration list for PBXProject "notaficationCenterDemo" */;
			compatibilityVersion = "Xcode 9.3";
			developmentRegion = en;
			hasScannedForEncodings = 0;
			knownRegions = (
				en,
				Base,
			);
			mainGroup = 038CCE0D238C5E3400D16BF6;
			productRefGroup = 038CCE17238C5E3400D16BF6 /* Products */;
			projectDirPath = "";
			projectRoot = "";
			targets = (
				038CCE15238C5E3400D16BF6 /* notaficationCenterDemo */,
			);
		};
/* End PBXProject section */

/* Begin PBXResourcesBuildPhase section */
		038CCE14238C5E3400D16BF6 /* Resources */ = {
			isa = PBXResourcesBuildPhase;
			buildActionMask = 2147483647;
			files = (
				038CCE26238C5E3800D16BF6 /* LaunchScreen.storyboard in Resources */,
				038CCE23238C5E3800D16BF6 /* Assets.xcassets in Resources */,
				038CCE21238C5E3400D16BF6 /* Main.storyboard in Resources */,
			);
			runOnlyForDeploymentPostprocessing = 0;
		};
/* End PBXResourcesBuildPhase section */

/* Begin PBXSourcesBuildPhase section */
		038CCE12238C5E3400D16BF6 /* Sources */ = {
			isa = PBXSourcesBuildPhase;
			buildActionMask = 2147483647;
			files = (
				038CCE1E238C5E3400D16BF6 /* ViewController.swift in Sources */,
				038CCE1A238C5E3400D16BF6 /* AppDelegate.swift in Sources */,
				038CCE2E238C65E400D16BF6 /* SecondVC.swift in Sources */,
				038CCE1C238C5E3400D16BF6 /* SceneDelegate.swift in Sources */,
			);
			runOnlyForDeploymentPostprocessing = 0;
		};
/* End PBXSourcesBuildPhase section */

/* Begin PBXVariantGroup section */
		038CCE1F238C5E3400D16BF6 /* Main.storyboard */ = {
			isa = PBXVariantGroup;
			children = (
				038CCE20238C5E3400D16BF6 /* Base */,
			);
			name = Main.storyboard;
			sourceTree = "<group>";
		};
		038CCE24238C5E3800D16BF6 /* LaunchScreen.storyboard */ = {
			isa = PBXVariantGroup;
			children = (
				038CCE25238C5E3800D16BF6 /* Base */,
			);
			name = LaunchScreen.storyboard;
			sourceTree = "<group>";
		};
/* End PBXVariantGroup section */

/* Begin XCBuildConfiguration section */
		038CCE28238C5E3800D16BF6 /* Debug */ = {
			isa = XCBuildConfiguration;
			buildSettings = {
				ALWAYS_SEARCH_USER_PATHS = NO;
				CLANG_ANALYZER_NONNULL = YES;
				CLANG_ANALYZER_NUMBER_OBJECT_CONVERSION = YES_AGGRESSIVE;
				CLANG_CXX_LANGUAGE_STANDARD = "gnu++14";
				CLANG_CXX_LIBRARY = "libc++";
				CLANG_ENABLE_MODULES = YES;
				CLANG_ENABLE_OBJC_ARC = YES;
				CLANG_ENABLE_OBJC_WEAK = YES;
				CLANG_WARN_BLOCK_CAPTURE_AUTORELEASING = YES;
				CLANG_WARN_BOOL_CONVERSION = YES;
				CLANG_WARN_COMMA = YES;
				CLANG_WARN_CONSTANT_CONVERSION = YES;
				CLANG_WARN_DEPRECATED_OBJC_IMPLEMENTATIONS = YES;
				CLANG_WARN_DIRECT_OBJC_ISA_USAGE = YES_ERROR;
				CLANG_WARN_DOCUMENTATION_COMMENTS = YES;
				CLANG_WARN_EMPTY_BODY = YES;
				CLANG_WARN_ENUM_CONVERSION = YES;
				CLANG_WARN_INFINITE_RECURSION = YES;
				CLANG_WARN_INT_CONVERSION = YES;
				CLANG_WARN_NON_LITERAL_NULL_CONVERSION = YES;
				CLANG_WARN_OBJC_IMPLICIT_RETAIN_SELF = YES;
				CLANG_WARN_OBJC_LITERAL_CONVERSION = YES;
				CLANG_WARN_OBJC_ROOT_CLASS = YES_ERROR;
				CLANG_WARN_RANGE_LOOP_ANALYSIS = YES;
				CLANG_WARN_STRICT_PROTOTYPES = YES;
				CLANG_WARN_SUSPICIOUS_MOVE = YES;
				CLANG_WARN_UNGUARDED_AVAILABILITY = YES_AGGRESSIVE;
				CLANG_WARN_UNREACHABLE_CODE = YES;
				CLANG_WARN__DUPLICATE_METHOD_MATCH = YES;
				COPY_PHASE_STRIP = NO;
				DEBUG_INFORMATION_FORMAT = dwarf;
				ENABLE_STRICT_OBJC_MSGSEND = YES;
				ENABLE_TESTABILITY = YES;
				GCC_C_LANGUAGE_STANDARD = gnu11;
				GCC_DYNAMIC_NO_PIC = NO;
				GCC_NO_COMMON_BLOCKS = YES;
				GCC_OPTIMIZATION_LEVEL = 0;
				GCC_PREPROCESSOR_DEFINITIONS = (
					"DEBUG=1",
					"$(inherited)",
				);
				GCC_WARN_64_TO_32_BIT_CONVERSION = YES;
				GCC_WARN_ABOUT_RETURN_TYPE = YES_ERROR;
				GCC_WARN_UNDECLARED_SELECTOR = YES;
				GCC_WARN_UNINITIALIZED_AUTOS = YES_AGGRESSIVE;
				GCC_WARN_UNUSED_FUNCTION = YES;
				GCC_WARN_UNUSED_VARIABLE = YES;
				IPHONEOS_DEPLOYMENT_TARGET = 13.2;
				MTL_ENABLE_DEBUG_INFO = INCLUDE_SOURCE;
				MTL_FAST_MATH = YES;
				ONLY_ACTIVE_ARCH = YES;
				SDKROOT = iphoneos;
				SWIFT_ACTIVE_COMPILATION_CONDITIONS = DEBUG;
				SWIFT_OPTIMIZATION_LEVEL = "-Onone";
			};
			name = Debug;
		};
		038CCE29238C5E3800D16BF6 /* Release */ = {
			isa = XCBuildConfiguration;
			buildSettings = {
				ALWAYS_SEARCH_USER_PATHS = NO;
				CLANG_ANALYZER_NONNULL = YES;
				CLANG_ANALYZER_NUMBER_OBJECT_CONVERSION = YES_AGGRESSIVE;
				CLANG_CXX_LANGUAGE_STANDARD = "gnu++14";
				CLANG_CXX_LIBRARY = "libc++";
				CLANG_ENABLE_MODULES = YES;
				CLANG_ENABLE_OBJC_ARC = YES;
				CLANG_ENABLE_OBJC_WEAK = YES;
				CLANG_WARN_BLOCK_CAPTURE_AUTORELEASING = YES;
				CLANG_WARN_BOOL_CONVERSION = YES;
				CLANG_WARN_COMMA = YES;
				CLANG_WARN_CONSTANT_CONVERSION = YES;
				CLANG_WARN_DEPRECATED_OBJC_IMPLEMENTATIONS = YES;
				CLANG_WARN_DIRECT_OBJC_ISA_USAGE = YES_ERROR;
				CLANG_WARN_DOCUMENTATION_COMMENTS = YES;
				CLANG_WARN_EMPTY_BODY = YES;
				CLANG_WARN_ENUM_CONVERSION = YES;
				CLANG_WARN_INFINITE_RECURSION = YES;
				CLANG_WARN_INT_CONVERSION = YES;
				CLANG_WARN_NON_LITERAL_NULL_CONVERSION = YES;
				CLANG_WARN_OBJC_IMPLICIT_RETAIN_SELF = YES;
				CLANG_WARN_OBJC_LITERAL_CONVERSION = YES;
				CLANG_WARN_OBJC_ROOT_CLASS = YES_ERROR;
				CLANG_WARN_RANGE_LOOP_ANALYSIS = YES;
				CLANG_WARN_STRICT_PROTOTYPES = YES;
				CLANG_WARN_SUSPICIOUS_MOVE = YES;
				CLANG_WARN_UNGUARDED_AVAILABILITY = YES_AGGRESSIVE;
				CLANG_WARN_UNREACHABLE_CODE = YES;
				CLANG_WARN__DUPLICATE_METHOD_MATCH = YES;
				COPY_PHASE_STRIP = NO;
				DEBUG_INFORMATION_FORMAT = "dwarf-with-dsym";
				ENABLE_NS_ASSERTIONS = NO;
				ENABLE_STRICT_OBJC_MSGSEND = YES;
				GCC_C_LANGUAGE_STANDARD = gnu11;
				GCC_NO_COMMON_BLOCKS = YES;
				GCC_WARN_64_TO_32_BIT_CONVERSION = YES;
				GCC_WARN_ABOUT_RETURN_TYPE = YES_ERROR;
				GCC_WARN_UNDECLARED_SELECTOR = YES;
				GCC_WARN_UNINITIALIZED_AUTOS = YES_AGGRESSIVE;
				GCC_WARN_UNUSED_FUNCTION = YES;
				GCC_WARN_UNUSED_VARIABLE = YES;
				IPHONEOS_DEPLOYMENT_TARGET = 13.2;
				MTL_ENABLE_DEBUG_INFO = NO;
				MTL_FAST_MATH = YES;
				SDKROOT = iphoneos;
				SWIFT_COMPILATION_MODE = wholemodule;
				SWIFT_OPTIMIZATION_LEVEL = "-O";
				VALIDATE_PRODUCT = YES;
			};
			name = Release;
		};
		038CCE2B238C5E3800D16BF6 /* Debug */ = {
			isa = XCBuildConfiguration;
			buildSettings = {
				ASSETCATALOG_COMPILER_APPICON_NAME = AppIcon;
				CODE_SIGN_STYLE = Automatic;
				DEVELOPMENT_TEAM = V639XPXR4D;
				INFOPLIST_FILE = notaficationCenterDemo/Info.plist;
				LD_RUNPATH_SEARCH_PATHS = (
					"$(inherited)",
					"@executable_path/Frameworks",
				);
				PRODUCT_BUNDLE_IDENTIFIER = "Ebrahim-Mo-Gedamy.notaficationCenterDemo";
				PRODUCT_NAME = "$(TARGET_NAME)";
				SWIFT_VERSION = 5.0;
				TARGETED_DEVICE_FAMILY = "1,2";
			};
			name = Debug;
		};
		038CCE2C238C5E3800D16BF6 /* Release */ = {
			isa = XCBuildConfiguration;
			buildSettings = {
				ASSETCATALOG_COMPILER_APPICON_NAME = AppIcon;
				CODE_SIGN_STYLE = Automatic;
				DEVELOPMENT_TEAM = V639XPXR4D;
				INFOPLIST_FILE = notaficationCenterDemo/Info.plist;
				LD_RUNPATH_SEARCH_PATHS = (
					"$(inherited)",
					"@executable_path/Frameworks",
				);
				PRODUCT_BUNDLE_IDENTIFIER = "Ebrahim-Mo-Gedamy.notaficationCenterDemo";
				PRODUCT_NAME = "$(TARGET_NAME)";
				SWIFT_VERSION = 5.0;
				TARGETED_DEVICE_FAMILY = "1,2";
			};
			name = Release;
		};
/* End XCBuildConfiguration section */

/* Begin XCConfigurationList section */
		038CCE11238C5E3400D16BF6 /* Build configuration list for PBXProject "notaficationCenterDemo" */ = {
			isa = XCConfigurationList;
			buildConfigurations = (
				038CCE28238C5E3800D16BF6 /* Debug */,
				038CCE29238C5E3800D16BF6 /* Release */,
			);
			defaultConfigurationIsVisible = 0;
			defaultConfigurationName = Release;
		};
		038CCE2A238C5E3800D16BF6 /* Build configuration list for PBXNativeTarget "notaficationCenterDemo" */ = {
			isa = XCConfigurationList;
			buildConfigurations = (
				038CCE2B238C5E3800D16BF6 /* Debug */,
				038CCE2C238C5E3800D16BF6 /* Release */,
			);
			defaultConfigurationIsVisible = 0;
			defaultConfigurationName = Release;
		};
/* End XCConfigurationList section */
	};
	rootObject = 038CCE0E238C5E3400D16BF6 /* Project object */;
}
