// !$*UTF8*$!
{
	archiveVersion = 1;
	classes = {
	};
	objectVersion = 50;
	objects = {

/* Begin PBXBuildFile section */
		035E210324128152007C0B27 /* AppDelegate.swift in Sources */ = {isa = PBXBuildFile; fileRef = 035E210224128152007C0B27 /* AppDelegate.swift */; };
		035E210524128152007C0B27 /* SceneDelegate.swift in Sources */ = {isa = PBXBuildFile; fileRef = 035E210424128152007C0B27 /* SceneDelegate.swift */; };
		035E210724128152007C0B27 /* ViewController.swift in Sources */ = {isa = PBXBuildFile; fileRef = 035E210624128152007C0B27 /* ViewController.swift */; };
		035E210A24128152007C0B27 /* Main.storyboard in Resources */ = {isa = PBXBuildFile; fileRef = 035E210824128152007C0B27 /* Main.storyboard */; };
		035E210C24128156007C0B27 /* Assets.xcassets in Resources */ = {isa = PBXBuildFile; fileRef = 035E210B24128156007C0B27 /* Assets.xcassets */; };
		035E210F24128156007C0B27 /* LaunchScreen.storyboard in Resources */ = {isa = PBXBuildFile; fileRef = 035E210D24128156007C0B27 /* LaunchScreen.storyboard */; };
		035E2117241283B3007C0B27 /* SearchVC.swift in Sources */ = {isa = PBXBuildFile; fileRef = 035E2116241283B3007C0B27 /* SearchVC.swift */; };
/* End PBXBuildFile section */

/* Begin PBXFileReference section */
		035E20FF24128152007C0B27 /* searchTxtFieldNotSearchBar.app */ = {isa = PBXFileReference; explicitFileType = wrapper.application; includeInIndex = 0; path = searchTxtFieldNotSearchBar.app; sourceTree = BUILT_PRODUCTS_DIR; };
		035E210224128152007C0B27 /* AppDelegate.swift */ = {isa = PBXFileReference; lastKnownFileType = sourcecode.swift; path = AppDelegate.swift; sourceTree = "<group>"; };
		035E210424128152007C0B27 /* SceneDelegate.swift */ = {isa = PBXFileReference; lastKnownFileType = sourcecode.swift; path = SceneDelegate.swift; sourceTree = "<group>"; };
		035E210624128152007C0B27 /* ViewController.swift */ = {isa = PBXFileReference; lastKnownFileType = sourcecode.swift; path = ViewController.swift; sourceTree = "<group>"; };
		035E210924128152007C0B27 /* Base */ = {isa = PBXFileReference; lastKnownFileType = file.storyboard; name = Base; path = Base.lproj/Main.storyboard; sourceTree = "<group>"; };
		035E210B24128156007C0B27 /* Assets.xcassets */ = {isa = PBXFileReference; lastKnownFileType = folder.assetcatalog; path = Assets.xcassets; sourceTree = "<group>"; };
		035E210E24128156007C0B27 /* Base */ = {isa = PBXFileReference; lastKnownFileType = file.storyboard; name = Base; path = Base.lproj/LaunchScreen.storyboard; sourceTree = "<group>"; };
		035E211024128156007C0B27 /* Info.plist */ = {isa = PBXFileReference; lastKnownFileType = text.plist.xml; path = Info.plist; sourceTree = "<group>"; };
		035E2116241283B3007C0B27 /* SearchVC.swift */ = {isa = PBXFileReference; lastKnownFileType = sourcecode.swift; path = SearchVC.swift; sourceTree = "<group>"; };
/* End PBXFileReference section */

/* Begin PBXFrameworksBuildPhase section */
		035E20FC24128152007C0B27 /* Frameworks */ = {
			isa = PBXFrameworksBuildPhase;
			buildActionMask = 2147483647;
			files = (
			);
			runOnlyForDeploymentPostprocessing = 0;
		};
/* End PBXFrameworksBuildPhase section */

/* Begin PBXGroup section */
		035E20F624128152007C0B27 = {
			isa = PBXGroup;
			children = (
				035E210124128152007C0B27 /* searchTxtFieldNotSearchBar */,
				035E210024128152007C0B27 /* Products */,
			);
			sourceTree = "<group>";
		};
		035E210024128152007C0B27 /* Products */ = {
			isa = PBXGroup;
			children = (
				035E20FF24128152007C0B27 /* searchTxtFieldNotSearchBar.app */,
			);
			name = Products;
			sourceTree = "<group>";
		};
		035E210124128152007C0B27 /* searchTxtFieldNotSearchBar */ = {
			isa = PBXGroup;
			children = (
				035E210224128152007C0B27 /* AppDelegate.swift */,
				035E210424128152007C0B27 /* SceneDelegate.swift */,
				035E210624128152007C0B27 /* ViewController.swift */,
				035E2116241283B3007C0B27 /* SearchVC.swift */,
				035E210824128152007C0B27 /* Main.storyboard */,
				035E210B24128156007C0B27 /* Assets.xcassets */,
				035E210D24128156007C0B27 /* LaunchScreen.storyboard */,
				035E211024128156007C0B27 /* Info.plist */,
			);
			path = searchTxtFieldNotSearchBar;
			sourceTree = "<group>";
		};
/* End PBXGroup section */

/* Begin PBXNativeTarget section */
		035E20FE24128152007C0B27 /* searchTxtFieldNotSearchBar */ = {
			isa = PBXNativeTarget;
			buildConfigurationList = 035E211324128156007C0B27 /* Build configuration list for PBXNativeTarget "searchTxtFieldNotSearchBar" */;
			buildPhases = (
				035E20FB24128152007C0B27 /* Sources */,
				035E20FC24128152007C0B27 /* Frameworks */,
				035E20FD24128152007C0B27 /* Resources */,
			);
			buildRules = (
			);
			dependencies = (
			);
			name = searchTxtFieldNotSearchBar;
			productName = searchTxtFieldNotSearchBar;
			productReference = 035E20FF24128152007C0B27 /* searchTxtFieldNotSearchBar.app */;
			productType = "com.apple.product-type.application";
		};
/* End PBXNativeTarget section */

/* Begin PBXProject section */
		035E20F724128152007C0B27 /* Project object */ = {
			isa = PBXProject;
			attributes = {
				LastSwiftUpdateCheck = 1130;
				LastUpgradeCheck = 1130;
				ORGANIZATIONNAME = "Ebrahim  Mo Gedamy";
				TargetAttributes = {
					035E20FE24128152007C0B27 = {
						CreatedOnToolsVersion = 11.3.1;
					};
				};
			};
			buildConfigurationList = 035E20FA24128152007C0B27 /* Build configuration list for PBXProject "searchTxtFieldNotSearchBar" */;
			compatibilityVersion = "Xcode 9.3";
			developmentRegion = en;
			hasScannedForEncodings = 0;
			knownRegions = (
				en,
				Base,
			);
			mainGroup = 035E20F624128152007C0B27;
			productRefGroup = 035E210024128152007C0B27 /* Products */;
			projectDirPath = "";
			projectRoot = "";
			targets = (
				035E20FE24128152007C0B27 /* searchTxtFieldNotSearchBar */,
			);
		};
/* End PBXProject section */

/* Begin PBXResourcesBuildPhase section */
		035E20FD24128152007C0B27 /* Resources */ = {
			isa = PBXResourcesBuildPhase;
			buildActionMask = 2147483647;
			files = (
				035E210F24128156007C0B27 /* LaunchScreen.storyboard in Resources */,
				035E210C24128156007C0B27 /* Assets.xcassets in Resources */,
				035E210A24128152007C0B27 /* Main.storyboard in Resources */,
			);
			runOnlyForDeploymentPostprocessing = 0;
		};
/* End PBXResourcesBuildPhase section */

/* Begin PBXSourcesBuildPhase section */
		035E20FB24128152007C0B27 /* Sources */ = {
			isa = PBXSourcesBuildPhase;
			buildActionMask = 2147483647;
			files = (
				035E2117241283B3007C0B27 /* SearchVC.swift in Sources */,
				035E210724128152007C0B27 /* ViewController.swift in Sources */,
				035E210324128152007C0B27 /* AppDelegate.swift in Sources */,
				035E210524128152007C0B27 /* SceneDelegate.swift in Sources */,
			);
			runOnlyForDeploymentPostprocessing = 0;
		};
/* End PBXSourcesBuildPhase section */

/* Begin PBXVariantGroup section */
		035E210824128152007C0B27 /* Main.storyboard */ = {
			isa = PBXVariantGroup;
			children = (
				035E210924128152007C0B27 /* Base */,
			);
			name = Main.storyboard;
			sourceTree = "<group>";
		};
		035E210D24128156007C0B27 /* LaunchScreen.storyboard */ = {
			isa = PBXVariantGroup;
			children = (
				035E210E24128156007C0B27 /* Base */,
			);
			name = LaunchScreen.storyboard;
			sourceTree = "<group>";
		};
/* End PBXVariantGroup section */

/* Begin XCBuildConfiguration section */
		035E211124128156007C0B27 /* Debug */ = {
			isa = XCBuildConfiguration;
			buildSettings = {
				ALWAYS_SEARCH_USER_PATHS = NO;
				CLANG_ANALYZER_NONNULL = YES;
				CLANG_ANALYZER_NUMBER_OBJECT_CONVERSION = YES_AGGRESSIVE;
				CLANG_CXX_LANGUAGE_STANDARD = "gnu++14";
				CLANG_CXX_LIBRARY = "libc++";
				CLANG_ENABLE_MODULES = YES;
				CLANG_ENABLE_OBJC_ARC = YES;
				CLANG_ENABLE_OBJC_WEAK = YES;
				CLANG_WARN_BLOCK_CAPTURE_AUTORELEASING = YES;
				CLANG_WARN_BOOL_CONVERSION = YES;
				CLANG_WARN_COMMA = YES;
				CLANG_WARN_CONSTANT_CONVERSION = YES;
				CLANG_WARN_DEPRECATED_OBJC_IMPLEMENTATIONS = YES;
				CLANG_WARN_DIRECT_OBJC_ISA_USAGE = YES_ERROR;
				CLANG_WARN_DOCUMENTATION_COMMENTS = YES;
				CLANG_WARN_EMPTY_BODY = YES;
				CLANG_WARN_ENUM_CONVERSION = YES;
				CLANG_WARN_INFINITE_RECURSION = YES;
				CLANG_WARN_INT_CONVERSION = YES;
				CLANG_WARN_NON_LITERAL_NULL_CONVERSION = YES;
				CLANG_WARN_OBJC_IMPLICIT_RETAIN_SELF = YES;
				CLANG_WARN_OBJC_LITERAL_CONVERSION = YES;
				CLANG_WARN_OBJC_ROOT_CLASS = YES_ERROR;
				CLANG_WARN_RANGE_LOOP_ANALYSIS = YES;
				CLANG_WARN_STRICT_PROTOTYPES = YES;
				CLANG_WARN_SUSPICIOUS_MOVE = YES;
				CLANG_WARN_UNGUARDED_AVAILABILITY = YES_AGGRESSIVE;
				CLANG_WARN_UNREACHABLE_CODE = YES;
				CLANG_WARN__DUPLICATE_METHOD_MATCH = YES;
				COPY_PHASE_STRIP = NO;
				DEBUG_INFORMATION_FORMAT = dwarf;
				ENABLE_STRICT_OBJC_MSGSEND = YES;
				ENABLE_TESTABILITY = YES;
				GCC_C_LANGUAGE_STANDARD = gnu11;
				GCC_DYNAMIC_NO_PIC = NO;
				GCC_NO_COMMON_BLOCKS = YES;
				GCC_OPTIMIZATION_LEVEL = 0;
				GCC_PREPROCESSOR_DEFINITIONS = (
					"DEBUG=1",
					"$(inherited)",
				);
				GCC_WARN_64_TO_32_BIT_CONVERSION = YES;
				GCC_WARN_ABOUT_RETURN_TYPE = YES_ERROR;
				GCC_WARN_UNDECLARED_SELECTOR = YES;
				GCC_WARN_UNINITIALIZED_AUTOS = YES_AGGRESSIVE;
				GCC_WARN_UNUSED_FUNCTION = YES;
				GCC_WARN_UNUSED_VARIABLE = YES;
				IPHONEOS_DEPLOYMENT_TARGET = 13.2;
				MTL_ENABLE_DEBUG_INFO = INCLUDE_SOURCE;
				MTL_FAST_MATH = YES;
				ONLY_ACTIVE_ARCH = YES;
				SDKROOT = iphoneos;
				SWIFT_ACTIVE_COMPILATION_CONDITIONS = DEBUG;
				SWIFT_OPTIMIZATION_LEVEL = "-Onone";
			};
			name = Debug;
		};
		035E211224128156007C0B27 /* Release */ = {
			isa = XCBuildConfiguration;
			buildSettings = {
				ALWAYS_SEARCH_USER_PATHS = NO;
				CLANG_ANALYZER_NONNULL = YES;
				CLANG_ANALYZER_NUMBER_OBJECT_CONVERSION = YES_AGGRESSIVE;
				CLANG_CXX_LANGUAGE_STANDARD = "gnu++14";
				CLANG_CXX_LIBRARY = "libc++";
				CLANG_ENABLE_MODULES = YES;
				CLANG_ENABLE_OBJC_ARC = YES;
				CLANG_ENABLE_OBJC_WEAK = YES;
				CLANG_WARN_BLOCK_CAPTURE_AUTORELEASING = YES;
				CLANG_WARN_BOOL_CONVERSION = YES;
				CLANG_WARN_COMMA = YES;
				CLANG_WARN_CONSTANT_CONVERSION = YES;
				CLANG_WARN_DEPRECATED_OBJC_IMPLEMENTATIONS = YES;
				CLANG_WARN_DIRECT_OBJC_ISA_USAGE = YES_ERROR;
				CLANG_WARN_DOCUMENTATION_COMMENTS = YES;
				CLANG_WARN_EMPTY_BODY = YES;
				CLANG_WARN_ENUM_CONVERSION = YES;
				CLANG_WARN_INFINITE_RECURSION = YES;
				CLANG_WARN_INT_CONVERSION = YES;
				CLANG_WARN_NON_LITERAL_NULL_CONVERSION = YES;
				CLANG_WARN_OBJC_IMPLICIT_RETAIN_SELF = YES;
				CLANG_WARN_OBJC_LITERAL_CONVERSION = YES;
				CLANG_WARN_OBJC_ROOT_CLASS = YES_ERROR;
				CLANG_WARN_RANGE_LOOP_ANALYSIS = YES;
				CLANG_WARN_STRICT_PROTOTYPES = YES;
				CLANG_WARN_SUSPICIOUS_MOVE = YES;
				CLANG_WARN_UNGUARDED_AVAILABILITY = YES_AGGRESSIVE;
				CLANG_WARN_UNREACHABLE_CODE = YES;
				CLANG_WARN__DUPLICATE_METHOD_MATCH = YES;
				COPY_PHASE_STRIP = NO;
				DEBUG_INFORMATION_FORMAT = "dwarf-with-dsym";
				ENABLE_NS_ASSERTIONS = NO;
				ENABLE_STRICT_OBJC_MSGSEND = YES;
				GCC_C_LANGUAGE_STANDARD = gnu11;
				GCC_NO_COMMON_BLOCKS = YES;
				GCC_WARN_64_TO_32_BIT_CONVERSION = YES;
				GCC_WARN_ABOUT_RETURN_TYPE = YES_ERROR;
				GCC_WARN_UNDECLARED_SELECTOR = YES;
				GCC_WARN_UNINITIALIZED_AUTOS = YES_AGGRESSIVE;
				GCC_WARN_UNUSED_FUNCTION = YES;
				GCC_WARN_UNUSED_VARIABLE = YES;
				IPHONEOS_DEPLOYMENT_TARGET = 13.2;
				MTL_ENABLE_DEBUG_INFO = NO;
				MTL_FAST_MATH = YES;
				SDKROOT = iphoneos;
				SWIFT_COMPILATION_MODE = wholemodule;
				SWIFT_OPTIMIZATION_LEVEL = "-O";
				VALIDATE_PRODUCT = YES;
			};
			name = Release;
		};
		035E211424128156007C0B27 /* Debug */ = {
			isa = XCBuildConfiguration;
			buildSettings = {
				ASSETCATALOG_COMPILER_APPICON_NAME = AppIcon;
				CODE_SIGN_STYLE = Automatic;
				DEVELOPMENT_TEAM = V639XPXR4D;
				INFOPLIST_FILE = searchTxtFieldNotSearchBar/Info.plist;
				LD_RUNPATH_SEARCH_PATHS = (
					"$(inherited)",
					"@executable_path/Frameworks",
				);
				PRODUCT_BUNDLE_IDENTIFIER = "Ebrahim-Mo-Gedamy.searchTxtFieldNotSearchBar";
				PRODUCT_NAME = "$(TARGET_NAME)";
				SWIFT_VERSION = 5.0;
				TARGETED_DEVICE_FAMILY = "1,2";
			};
			name = Debug;
		};
		035E211524128156007C0B27 /* Release */ = {
			isa = XCBuildConfiguration;
			buildSettings = {
				ASSETCATALOG_COMPILER_APPICON_NAME = AppIcon;
				CODE_SIGN_STYLE = Automatic;
				DEVELOPMENT_TEAM = V639XPXR4D;
				INFOPLIST_FILE = searchTxtFieldNotSearchBar/Info.plist;
				LD_RUNPATH_SEARCH_PATHS = (
					"$(inherited)",
					"@executable_path/Frameworks",
				);
				PRODUCT_BUNDLE_IDENTIFIER = "Ebrahim-Mo-Gedamy.searchTxtFieldNotSearchBar";
				PRODUCT_NAME = "$(TARGET_NAME)";
				SWIFT_VERSION = 5.0;
				TARGETED_DEVICE_FAMILY = "1,2";
			};
			name = Release;
		};
/* End XCBuildConfiguration section */

/* Begin XCConfigurationList section */
		035E20FA24128152007C0B27 /* Build configuration list for PBXProject "searchTxtFieldNotSearchBar" */ = {
			isa = XCConfigurationList;
			buildConfigurations = (
				035E211124128156007C0B27 /* Debug */,
				035E211224128156007C0B27 /* Release */,
			);
			defaultConfigurationIsVisible = 0;
			defaultConfigurationName = Release;
		};
		035E211324128156007C0B27 /* Build configuration list for PBXNativeTarget "searchTxtFieldNotSearchBar" */ = {
			isa = XCConfigurationList;
			buildConfigurations = (
				035E211424128156007C0B27 /* Debug */,
				035E211524128156007C0B27 /* Release */,
			);
			defaultConfigurationIsVisible = 0;
			defaultConfigurationName = Release;
		};
/* End XCConfigurationList section */
	};
	rootObject = 035E20F724128152007C0B27 /* Project object */;
}
