// !$*UTF8*$!
{
	archiveVersion = 1;
	classes = {
	};
	objectVersion = 51;
	objects = {

/* Begin PBXBuildFile section */
		030336ED22F2224600486B05 /* GoogleService-Info.plist in Resources */ = {isa = PBXBuildFile; fileRef = 030336EC22F2224600486B05 /* GoogleService-Info.plist */; };
		033DAD4322F57BBC00B7E1F4 /* ChatCellVC.swift in Sources */ = {isa = PBXBuildFile; fileRef = 033DAD4222F57BBC00B7E1F4 /* ChatCellVC.swift */; };
		033DE43B22DAFFEA00399524 /* AppDelegate.swift in Sources */ = {isa = PBXBuildFile; fileRef = 033DE43A22DAFFEA00399524 /* AppDelegate.swift */; };
		033DE43D22DAFFEA00399524 /* StartVC.swift in Sources */ = {isa = PBXBuildFile; fileRef = 033DE43C22DAFFEA00399524 /* StartVC.swift */; };
		033DE44022DAFFEA00399524 /* Main.storyboard in Resources */ = {isa = PBXBuildFile; fileRef = 033DE43E22DAFFEA00399524 /* Main.storyboard */; };
		033DE44222DAFFEB00399524 /* Assets.xcassets in Resources */ = {isa = PBXBuildFile; fileRef = 033DE44122DAFFEB00399524 /* Assets.xcassets */; };
		0370E00322FC21E300FD3A76 /* RoomButtonAnimation.swift in Sources */ = {isa = PBXBuildFile; fileRef = 0370E00222FC21E300FD3A76 /* RoomButtonAnimation.swift */; };
		03A0F8D322DB5EED00EBAC67 /* FormCell.swift in Sources */ = {isa = PBXBuildFile; fileRef = 03A0F8D222DB5EED00EBAC67 /* FormCell.swift */; };
		03A69A4722E7603500AC38CA /* LaunchScreen.storyboard in Resources */ = {isa = PBXBuildFile; fileRef = 03A69A4622E7603500AC38CA /* LaunchScreen.storyboard */; };
		03A69A4922E7714100AC38CA /* TextFieldDelegates.swift in Sources */ = {isa = PBXBuildFile; fileRef = 03A69A4822E7714100AC38CA /* TextFieldDelegates.swift */; };
		03C8413B22DFAE1500AE6B6B /* Room.swift in Sources */ = {isa = PBXBuildFile; fileRef = 03C8413A22DFAE1500AE6B6B /* Room.swift */; };
		03C8413F22DFB27000AE6B6B /* ChatVC.swift in Sources */ = {isa = PBXBuildFile; fileRef = 03C8413E22DFB27000AE6B6B /* ChatVC.swift */; };
		03D3191122DE927100264AF0 /* RoomsVC.swift in Sources */ = {isa = PBXBuildFile; fileRef = 03D3191022DE927100264AF0 /* RoomsVC.swift */; };
		03FC8ECD22F589320052012C /* Message.swift in Sources */ = {isa = PBXBuildFile; fileRef = 03FC8ECC22F589320052012C /* Message.swift */; };
		2B95D541D4166E31D10F07BD /* Pods_messageApp.framework in Frameworks */ = {isa = PBXBuildFile; fileRef = 2721ADB1703DB66FFA22014A /* Pods_messageApp.framework */; };
/* End PBXBuildFile section */

/* Begin PBXFileReference section */
		030336EC22F2224600486B05 /* GoogleService-Info.plist */ = {isa = PBXFileReference; fileEncoding = 4; lastKnownFileType = text.plist.xml; path = "GoogleService-Info.plist"; sourceTree = "<group>"; };
		033DAD4222F57BBC00B7E1F4 /* ChatCellVC.swift */ = {isa = PBXFileReference; lastKnownFileType = sourcecode.swift; path = ChatCellVC.swift; sourceTree = "<group>"; };
		033DE43722DAFFEA00399524 /* messageApp.app */ = {isa = PBXFileReference; explicitFileType = wrapper.application; includeInIndex = 0; path = messageApp.app; sourceTree = BUILT_PRODUCTS_DIR; };
		033DE43A22DAFFEA00399524 /* AppDelegate.swift */ = {isa = PBXFileReference; lastKnownFileType = sourcecode.swift; path = AppDelegate.swift; sourceTree = "<group>"; };
		033DE43C22DAFFEA00399524 /* StartVC.swift */ = {isa = PBXFileReference; lastKnownFileType = sourcecode.swift; path = StartVC.swift; sourceTree = "<group>"; };
		033DE43F22DAFFEA00399524 /* Base */ = {isa = PBXFileReference; lastKnownFileType = file.storyboard; name = Base; path = Base.lproj/Main.storyboard; sourceTree = "<group>"; };
		033DE44122DAFFEB00399524 /* Assets.xcassets */ = {isa = PBXFileReference; lastKnownFileType = folder.assetcatalog; path = Assets.xcassets; sourceTree = "<group>"; };
		033DE44622DAFFEB00399524 /* Info.plist */ = {isa = PBXFileReference; lastKnownFileType = text.plist.xml; path = Info.plist; sourceTree = "<group>"; };
		0370E00222FC21E300FD3A76 /* RoomButtonAnimation.swift */ = {isa = PBXFileReference; lastKnownFileType = sourcecode.swift; path = RoomButtonAnimation.swift; sourceTree = "<group>"; };
		03A0F8D222DB5EED00EBAC67 /* FormCell.swift */ = {isa = PBXFileReference; lastKnownFileType = sourcecode.swift; path = FormCell.swift; sourceTree = "<group>"; };
		03A69A4622E7603500AC38CA /* LaunchScreen.storyboard */ = {isa = PBXFileReference; fileEncoding = 4; lastKnownFileType = file.storyboard; path = LaunchScreen.storyboard; sourceTree = "<group>"; };
		03A69A4822E7714100AC38CA /* TextFieldDelegates.swift */ = {isa = PBXFileReference; lastKnownFileType = sourcecode.swift; path = TextFieldDelegates.swift; sourceTree = "<group>"; };
		03C8413A22DFAE1500AE6B6B /* Room.swift */ = {isa = PBXFileReference; lastKnownFileType = sourcecode.swift; path = Room.swift; sourceTree = "<group>"; };
		03C8413E22DFB27000AE6B6B /* ChatVC.swift */ = {isa = PBXFileReference; lastKnownFileType = sourcecode.swift; path = ChatVC.swift; sourceTree = "<group>"; };
		03D3191022DE927100264AF0 /* RoomsVC.swift */ = {isa = PBXFileReference; lastKnownFileType = sourcecode.swift; path = RoomsVC.swift; sourceTree = "<group>"; };
		03FC8ECC22F589320052012C /* Message.swift */ = {isa = PBXFileReference; lastKnownFileType = sourcecode.swift; path = Message.swift; sourceTree = "<group>"; };
		2721ADB1703DB66FFA22014A /* Pods_messageApp.framework */ = {isa = PBXFileReference; explicitFileType = wrapper.framework; includeInIndex = 0; path = Pods_messageApp.framework; sourceTree = BUILT_PRODUCTS_DIR; };
		6FC9F8751EBD722E14DB1D51 /* Pods-messageApp.release.xcconfig */ = {isa = PBXFileReference; includeInIndex = 1; lastKnownFileType = text.xcconfig; name = "Pods-messageApp.release.xcconfig"; path = "Target Support Files/Pods-messageApp/Pods-messageApp.release.xcconfig"; sourceTree = "<group>"; };
		BD7B53F68833CBEE4CC03083 /* Pods-messageApp.debug.xcconfig */ = {isa = PBXFileReference; includeInIndex = 1; lastKnownFileType = text.xcconfig; name = "Pods-messageApp.debug.xcconfig"; path = "Target Support Files/Pods-messageApp/Pods-messageApp.debug.xcconfig"; sourceTree = "<group>"; };
/* End PBXFileReference section */

/* Begin PBXFrameworksBuildPhase section */
		033DE43422DAFFEA00399524 /* Frameworks */ = {
			isa = PBXFrameworksBuildPhase;
			buildActionMask = 2147483647;
			files = (
				2B95D541D4166E31D10F07BD /* Pods_messageApp.framework in Frameworks */,
			);
			runOnlyForDeploymentPostprocessing = 0;
		};
/* End PBXFrameworksBuildPhase section */

/* Begin PBXGroup section */
		033DE42E22DAFFEA00399524 = {
			isa = PBXGroup;
			children = (
				033DE43922DAFFEA00399524 /* messageApp */,
				033DE43822DAFFEA00399524 /* Products */,
				EDA1A8B75A674E231C27FA36 /* Pods */,
				BB7AFEA80DBE4B7DD04845CB /* Frameworks */,
			);
			sourceTree = "<group>";
		};
		033DE43822DAFFEA00399524 /* Products */ = {
			isa = PBXGroup;
			children = (
				033DE43722DAFFEA00399524 /* messageApp.app */,
			);
			name = Products;
			sourceTree = "<group>";
		};
		033DE43922DAFFEA00399524 /* messageApp */ = {
			isa = PBXGroup;
			children = (
				033DE43A22DAFFEA00399524 /* AppDelegate.swift */,
				03C8413922DFADF000AE6B6B /* Model */,
				03C8413C22DFB22600AE6B6B /* View */,
				03C8413D22DFB22F00AE6B6B /* Controller */,
				033DE44122DAFFEB00399524 /* Assets.xcassets */,
				030336EC22F2224600486B05 /* GoogleService-Info.plist */,
				033DE44622DAFFEB00399524 /* Info.plist */,
			);
			path = messageApp;
			sourceTree = "<group>";
		};
		03C8413922DFADF000AE6B6B /* Model */ = {
			isa = PBXGroup;
			children = (
				03A0F8D222DB5EED00EBAC67 /* FormCell.swift */,
				03C8413A22DFAE1500AE6B6B /* Room.swift */,
				03A69A4822E7714100AC38CA /* TextFieldDelegates.swift */,
				03FC8ECC22F589320052012C /* Message.swift */,
				0370E00222FC21E300FD3A76 /* RoomButtonAnimation.swift */,
			);
			path = Model;
			sourceTree = "<group>";
		};
		03C8413C22DFB22600AE6B6B /* View */ = {
			isa = PBXGroup;
			children = (
				033DE43E22DAFFEA00399524 /* Main.storyboard */,
				03A69A4622E7603500AC38CA /* LaunchScreen.storyboard */,
			);
			path = View;
			sourceTree = "<group>";
		};
		03C8413D22DFB22F00AE6B6B /* Controller */ = {
			isa = PBXGroup;
			children = (
				03D3191022DE927100264AF0 /* RoomsVC.swift */,
				033DE43C22DAFFEA00399524 /* StartVC.swift */,
				03C8413E22DFB27000AE6B6B /* ChatVC.swift */,
				033DAD4222F57BBC00B7E1F4 /* ChatCellVC.swift */,
			);
			path = Controller;
			sourceTree = "<group>";
		};
		BB7AFEA80DBE4B7DD04845CB /* Frameworks */ = {
			isa = PBXGroup;
			children = (
				2721ADB1703DB66FFA22014A /* Pods_messageApp.framework */,
			);
			name = Frameworks;
			sourceTree = "<group>";
		};
		EDA1A8B75A674E231C27FA36 /* Pods */ = {
			isa = PBXGroup;
			children = (
				BD7B53F68833CBEE4CC03083 /* Pods-messageApp.debug.xcconfig */,
				6FC9F8751EBD722E14DB1D51 /* Pods-messageApp.release.xcconfig */,
			);
			path = Pods;
			sourceTree = "<group>";
		};
/* End PBXGroup section */

/* Begin PBXNativeTarget section */
		033DE43622DAFFEA00399524 /* messageApp */ = {
			isa = PBXNativeTarget;
			buildConfigurationList = 033DE44922DAFFEB00399524 /* Build configuration list for PBXNativeTarget "messageApp" */;
			buildPhases = (
				3180C2EE24F404EFCD0CAC81 /* [CP] Check Pods Manifest.lock */,
				033DE43322DAFFEA00399524 /* Sources */,
				033DE43422DAFFEA00399524 /* Frameworks */,
				033DE43522DAFFEA00399524 /* Resources */,
				E00991AF9653D6DA76288D6F /* [CP] Embed Pods Frameworks */,
			);
			buildRules = (
			);
			dependencies = (
			);
			name = messageApp;
			productName = messageApp;
			productReference = 033DE43722DAFFEA00399524 /* messageApp.app */;
			productType = "com.apple.product-type.application";
		};
/* End PBXNativeTarget section */

/* Begin PBXProject section */
		033DE42F22DAFFEA00399524 /* Project object */ = {
			isa = PBXProject;
			attributes = {
				LastSwiftUpdateCheck = 1020;
				LastUpgradeCheck = 1020;
				ORGANIZATIONNAME = "Ebrahim Mo Gedamy";
				TargetAttributes = {
					033DE43622DAFFEA00399524 = {
						CreatedOnToolsVersion = 10.2.1;
					};
				};
			};
			buildConfigurationList = 033DE43222DAFFEA00399524 /* Build configuration list for PBXProject "messageApp" */;
			compatibilityVersion = "Xcode 9.3";
			developmentRegion = en;
			hasScannedForEncodings = 0;
			knownRegions = (
				en,
				Base,
			);
			mainGroup = 033DE42E22DAFFEA00399524;
			productRefGroup = 033DE43822DAFFEA00399524 /* Products */;
			projectDirPath = "";
			projectRoot = "";
			targets = (
				033DE43622DAFFEA00399524 /* messageApp */,
			);
		};
/* End PBXProject section */

/* Begin PBXResourcesBuildPhase section */
		033DE43522DAFFEA00399524 /* Resources */ = {
			isa = PBXResourcesBuildPhase;
			buildActionMask = 2147483647;
			files = (
				03A69A4722E7603500AC38CA /* LaunchScreen.storyboard in Resources */,
				033DE44222DAFFEB00399524 /* Assets.xcassets in Resources */,
				033DE44022DAFFEA00399524 /* Main.storyboard in Resources */,
				030336ED22F2224600486B05 /* GoogleService-Info.plist in Resources */,
			);
			runOnlyForDeploymentPostprocessing = 0;
		};
/* End PBXResourcesBuildPhase section */

/* Begin PBXShellScriptBuildPhase section */
		3180C2EE24F404EFCD0CAC81 /* [CP] Check Pods Manifest.lock */ = {
			isa = PBXShellScriptBuildPhase;
			buildActionMask = 2147483647;
			files = (
			);
			inputFileListPaths = (
			);
			inputPaths = (
				"${PODS_PODFILE_DIR_PATH}/Podfile.lock",
				"${PODS_ROOT}/Manifest.lock",
			);
			name = "[CP] Check Pods Manifest.lock";
			outputFileListPaths = (
			);
			outputPaths = (
				"$(DERIVED_FILE_DIR)/Pods-messageApp-checkManifestLockResult.txt",
			);
			runOnlyForDeploymentPostprocessing = 0;
			shellPath = /bin/sh;
			shellScript = "diff \"${PODS_PODFILE_DIR_PATH}/Podfile.lock\" \"${PODS_ROOT}/Manifest.lock\" > /dev/null\nif [ $? != 0 ] ; then\n    # print error to STDERR\n    echo \"error: The sandbox is not in sync with the Podfile.lock. Run 'pod install' or update your CocoaPods installation.\" >&2\n    exit 1\nfi\n# This output is used by Xcode 'outputs' to avoid re-running this script phase.\necho \"SUCCESS\" > \"${SCRIPT_OUTPUT_FILE_0}\"\n";
			showEnvVarsInLog = 0;
		};
		E00991AF9653D6DA76288D6F /* [CP] Embed Pods Frameworks */ = {
			isa = PBXShellScriptBuildPhase;
			buildActionMask = 2147483647;
			files = (
			);
			inputFileListPaths = (
				"${PODS_ROOT}/Target Support Files/Pods-messageApp/Pods-messageApp-frameworks-${CONFIGURATION}-input-files.xcfilelist",
			);
			name = "[CP] Embed Pods Frameworks";
			outputFileListPaths = (
				"${PODS_ROOT}/Target Support Files/Pods-messageApp/Pods-messageApp-frameworks-${CONFIGURATION}-output-files.xcfilelist",
			);
			runOnlyForDeploymentPostprocessing = 0;
			shellPath = /bin/sh;
			shellScript = "\"${PODS_ROOT}/Target Support Files/Pods-messageApp/Pods-messageApp-frameworks.sh\"\n";
			showEnvVarsInLog = 0;
		};
/* End PBXShellScriptBuildPhase section */

/* Begin PBXSourcesBuildPhase section */
		033DE43322DAFFEA00399524 /* Sources */ = {
			isa = PBXSourcesBuildPhase;
			buildActionMask = 2147483647;
			files = (
				03C8413F22DFB27000AE6B6B /* ChatVC.swift in Sources */,
				03A69A4922E7714100AC38CA /* TextFieldDelegates.swift in Sources */,
				03D3191122DE927100264AF0 /* RoomsVC.swift in Sources */,
				0370E00322FC21E300FD3A76 /* RoomButtonAnimation.swift in Sources */,
				03FC8ECD22F589320052012C /* Message.swift in Sources */,
				033DE43D22DAFFEA00399524 /* StartVC.swift in Sources */,
				033DAD4322F57BBC00B7E1F4 /* ChatCellVC.swift in Sources */,
				03A0F8D322DB5EED00EBAC67 /* FormCell.swift in Sources */,
				033DE43B22DAFFEA00399524 /* AppDelegate.swift in Sources */,
				03C8413B22DFAE1500AE6B6B /* Room.swift in Sources */,
			);
			runOnlyForDeploymentPostprocessing = 0;
		};
/* End PBXSourcesBuildPhase section */

/* Begin PBXVariantGroup section */
		033DE43E22DAFFEA00399524 /* Main.storyboard */ = {
			isa = PBXVariantGroup;
			children = (
				033DE43F22DAFFEA00399524 /* Base */,
			);
			name = Main.storyboard;
			sourceTree = "<group>";
		};
/* End PBXVariantGroup section */

/* Begin XCBuildConfiguration section */
		033DE44722DAFFEB00399524 /* Debug */ = {
			isa = XCBuildConfiguration;
			buildSettings = {
				ALWAYS_SEARCH_USER_PATHS = NO;
				CLANG_ANALYZER_NONNULL = YES;
				CLANG_ANALYZER_NUMBER_OBJECT_CONVERSION = YES_AGGRESSIVE;
				CLANG_CXX_LANGUAGE_STANDARD = "gnu++14";
				CLANG_CXX_LIBRARY = "libc++";
				CLANG_ENABLE_MODULES = YES;
				CLANG_ENABLE_OBJC_ARC = YES;
				CLANG_ENABLE_OBJC_WEAK = YES;
				CLANG_WARN_BLOCK_CAPTURE_AUTORELEASING = YES;
				CLANG_WARN_BOOL_CONVERSION = YES;
				CLANG_WARN_COMMA = YES;
				CLANG_WARN_CONSTANT_CONVERSION = YES;
				CLANG_WARN_DEPRECATED_OBJC_IMPLEMENTATIONS = YES;
				CLANG_WARN_DIRECT_OBJC_ISA_USAGE = YES_ERROR;
				CLANG_WARN_DOCUMENTATION_COMMENTS = YES;
				CLANG_WARN_EMPTY_BODY = YES;
				CLANG_WARN_ENUM_CONVERSION = YES;
				CLANG_WARN_INFINITE_RECURSION = YES;
				CLANG_WARN_INT_CONVERSION = YES;
				CLANG_WARN_NON_LITERAL_NULL_CONVERSION = YES;
				CLANG_WARN_OBJC_IMPLICIT_RETAIN_SELF = YES;
				CLANG_WARN_OBJC_LITERAL_CONVERSION = YES;
				CLANG_WARN_OBJC_ROOT_CLASS = YES_ERROR;
				CLANG_WARN_RANGE_LOOP_ANALYSIS = YES;
				CLANG_WARN_STRICT_PROTOTYPES = YES;
				CLANG_WARN_SUSPICIOUS_MOVE = YES;
				CLANG_WARN_UNGUARDED_AVAILABILITY = YES_AGGRESSIVE;
				CLANG_WARN_UNREACHABLE_CODE = YES;
				CLANG_WARN__DUPLICATE_METHOD_MATCH = YES;
				CODE_SIGN_IDENTITY = "iPhone Developer";
				COPY_PHASE_STRIP = NO;
				DEBUG_INFORMATION_FORMAT = dwarf;
				ENABLE_STRICT_OBJC_MSGSEND = YES;
				ENABLE_TESTABILITY = YES;
				GCC_C_LANGUAGE_STANDARD = gnu11;
				GCC_DYNAMIC_NO_PIC = NO;
				GCC_NO_COMMON_BLOCKS = YES;
				GCC_OPTIMIZATION_LEVEL = 0;
				GCC_PREPROCESSOR_DEFINITIONS = (
					"DEBUG=1",
					"$(inherited)",
				);
				GCC_WARN_64_TO_32_BIT_CONVERSION = YES;
				GCC_WARN_ABOUT_RETURN_TYPE = YES_ERROR;
				GCC_WARN_UNDECLARED_SELECTOR = YES;
				GCC_WARN_UNINITIALIZED_AUTOS = YES_AGGRESSIVE;
				GCC_WARN_UNUSED_FUNCTION = YES;
				GCC_WARN_UNUSED_VARIABLE = YES;
				IPHONEOS_DEPLOYMENT_TARGET = 12.2;
				MTL_ENABLE_DEBUG_INFO = INCLUDE_SOURCE;
				MTL_FAST_MATH = YES;
				ONLY_ACTIVE_ARCH = YES;
				SDKROOT = iphoneos;
				SWIFT_ACTIVE_COMPILATION_CONDITIONS = DEBUG;
				SWIFT_OPTIMIZATION_LEVEL = "-Onone";
			};
			name = Debug;
		};
		033DE44822DAFFEB00399524 /* Release */ = {
			isa = XCBuildConfiguration;
			buildSettings = {
				ALWAYS_SEARCH_USER_PATHS = NO;
				CLANG_ANALYZER_NONNULL = YES;
				CLANG_ANALYZER_NUMBER_OBJECT_CONVERSION = YES_AGGRESSIVE;
				CLANG_CXX_LANGUAGE_STANDARD = "gnu++14";
				CLANG_CXX_LIBRARY = "libc++";
				CLANG_ENABLE_MODULES = YES;
				CLANG_ENABLE_OBJC_ARC = YES;
				CLANG_ENABLE_OBJC_WEAK = YES;
				CLANG_WARN_BLOCK_CAPTURE_AUTORELEASING = YES;
				CLANG_WARN_BOOL_CONVERSION = YES;
				CLANG_WARN_COMMA = YES;
				CLANG_WARN_CONSTANT_CONVERSION = YES;
				CLANG_WARN_DEPRECATED_OBJC_IMPLEMENTATIONS = YES;
				CLANG_WARN_DIRECT_OBJC_ISA_USAGE = YES_ERROR;
				CLANG_WARN_DOCUMENTATION_COMMENTS = YES;
				CLANG_WARN_EMPTY_BODY = YES;
				CLANG_WARN_ENUM_CONVERSION = YES;
				CLANG_WARN_INFINITE_RECURSION = YES;
				CLANG_WARN_INT_CONVERSION = YES;
				CLANG_WARN_NON_LITERAL_NULL_CONVERSION = YES;
				CLANG_WARN_OBJC_IMPLICIT_RETAIN_SELF = YES;
				CLANG_WARN_OBJC_LITERAL_CONVERSION = YES;
				CLANG_WARN_OBJC_ROOT_CLASS = YES_ERROR;
				CLANG_WARN_RANGE_LOOP_ANALYSIS = YES;
				CLANG_WARN_STRICT_PROTOTYPES = YES;
				CLANG_WARN_SUSPICIOUS_MOVE = YES;
				CLANG_WARN_UNGUARDED_AVAILABILITY = YES_AGGRESSIVE;
				CLANG_WARN_UNREACHABLE_CODE = YES;
				CLANG_WARN__DUPLICATE_METHOD_MATCH = YES;
				CODE_SIGN_IDENTITY = "iPhone Developer";
				COPY_PHASE_STRIP = NO;
				DEBUG_INFORMATION_FORMAT = "dwarf-with-dsym";
				ENABLE_NS_ASSERTIONS = NO;
				ENABLE_STRICT_OBJC_MSGSEND = YES;
				GCC_C_LANGUAGE_STANDARD = gnu11;
				GCC_NO_COMMON_BLOCKS = YES;
				GCC_WARN_64_TO_32_BIT_CONVERSION = YES;
				GCC_WARN_ABOUT_RETURN_TYPE = YES_ERROR;
				GCC_WARN_UNDECLARED_SELECTOR = YES;
				GCC_WARN_UNINITIALIZED_AUTOS = YES_AGGRESSIVE;
				GCC_WARN_UNUSED_FUNCTION = YES;
				GCC_WARN_UNUSED_VARIABLE = YES;
				IPHONEOS_DEPLOYMENT_TARGET = 12.2;
				MTL_ENABLE_DEBUG_INFO = NO;
				MTL_FAST_MATH = YES;
				SDKROOT = iphoneos;
				SWIFT_COMPILATION_MODE = wholemodule;
				SWIFT_OPTIMIZATION_LEVEL = "-O";
				VALIDATE_PRODUCT = YES;
			};
			name = Release;
		};
		033DE44A22DAFFEB00399524 /* Debug */ = {
			isa = XCBuildConfiguration;
			baseConfigurationReference = BD7B53F68833CBEE4CC03083 /* Pods-messageApp.debug.xcconfig */;
			buildSettings = {
				ASSETCATALOG_COMPILER_APPICON_NAME = AppIcon;
				CODE_SIGN_STYLE = Automatic;
				DEVELOPMENT_TEAM = V639XPXR4D;
				INFOPLIST_FILE = messageApp/Info.plist;
				LD_RUNPATH_SEARCH_PATHS = (
					"$(inherited)",
					"@executable_path/Frameworks",
				);
				PRODUCT_BUNDLE_IDENTIFIER = EbrahimMoGedamy.messageApp;
				PRODUCT_NAME = "$(TARGET_NAME)";
				SWIFT_VERSION = 5.0;
				TARGETED_DEVICE_FAMILY = "1,2";
			};
			name = Debug;
		};
		033DE44B22DAFFEB00399524 /* Release */ = {
			isa = XCBuildConfiguration;
			baseConfigurationReference = 6FC9F8751EBD722E14DB1D51 /* Pods-messageApp.release.xcconfig */;
			buildSettings = {
				ASSETCATALOG_COMPILER_APPICON_NAME = AppIcon;
				CODE_SIGN_STYLE = Automatic;
				DEVELOPMENT_TEAM = V639XPXR4D;
				INFOPLIST_FILE = messageApp/Info.plist;
				LD_RUNPATH_SEARCH_PATHS = (
					"$(inherited)",
					"@executable_path/Frameworks",
				);
				PRODUCT_BUNDLE_IDENTIFIER = EbrahimMoGedamy.messageApp;
				PRODUCT_NAME = "$(TARGET_NAME)";
				SWIFT_VERSION = 5.0;
				TARGETED_DEVICE_FAMILY = "1,2";
			};
			name = Release;
		};
/* End XCBuildConfiguration section */

/* Begin XCConfigurationList section */
		033DE43222DAFFEA00399524 /* Build configuration list for PBXProject "messageApp" */ = {
			isa = XCConfigurationList;
			buildConfigurations = (
				033DE44722DAFFEB00399524 /* Debug */,
				033DE44822DAFFEB00399524 /* Release */,
			);
			defaultConfigurationIsVisible = 0;
			defaultConfigurationName = Release;
		};
		033DE44922DAFFEB00399524 /* Build configuration list for PBXNativeTarget "messageApp" */ = {
			isa = XCConfigurationList;
			buildConfigurations = (
				033DE44A22DAFFEB00399524 /* Debug */,
				033DE44B22DAFFEB00399524 /* Release */,
			);
			defaultConfigurationIsVisible = 0;
			defaultConfigurationName = Release;
		};
/* End XCConfigurationList section */
	};
	rootObject = 033DE42F22DAFFEA00399524 /* Project object */;
}
