// !$*UTF8*$!
{
	archiveVersion = 1;
	classes = {
	};
	objectVersion = 50;
	objects = {

/* Begin PBXBuildFile section */
		29FD7CB7211116B70011B544 /* AppDelegate.swift in Sources */ = {isa = PBXBuildFile; fileRef = 29FD7CB6211116B70011B544 /* AppDelegate.swift */; };
		29FD7CB9211116B70011B544 /* ViewController.swift in Sources */ = {isa = PBXBuildFile; fileRef = 29FD7CB8211116B70011B544 /* ViewController.swift */; };
		29FD7CBC211116B70011B544 /* Main.storyboard in Resources */ = {isa = PBXBuildFile; fileRef = 29FD7CBA211116B70011B544 /* Main.storyboard */; };
		29FD7CBE211116B80011B544 /* Assets.xcassets in Resources */ = {isa = PBXBuildFile; fileRef = 29FD7CBD211116B80011B544 /* Assets.xcassets */; };
		29FD7CC1211116B80011B544 /* LaunchScreen.storyboard in Resources */ = {isa = PBXBuildFile; fileRef = 29FD7CBF211116B80011B544 /* LaunchScreen.storyboard */; };
		29FD7CD5211116E50011B544 /* Language.swift in Sources */ = {isa = PBXBuildFile; fileRef = 29FD7CD1211116E40011B544 /* Language.swift */; };
		29FD7CD6211116E50011B544 /* MirroringLabel.swift in Sources */ = {isa = PBXBuildFile; fileRef = 29FD7CD2211116E40011B544 /* MirroringLabel.swift */; };
		29FD7CD8211116E50011B544 /* Localizer.swift in Sources */ = {isa = PBXBuildFile; fileRef = 29FD7CD4211116E50011B544 /* Localizer.swift */; };
		29FD7CDF211119830011B544 /* AddViewController.swift in Sources */ = {isa = PBXBuildFile; fileRef = 29FD7CDE211119830011B544 /* AddViewController.swift */; };
		29FD7CE221111B080011B544 /* Localizable.strings in Resources */ = {isa = PBXBuildFile; fileRef = 29FD7CE421111B080011B544 /* Localizable.strings */; };
/* End PBXBuildFile section */

/* Begin PBXFileReference section */
		29FD7CB3211116B70011B544 /* Sa-Localization.app */ = {isa = PBXFileReference; explicitFileType = wrapper.application; includeInIndex = 0; path = "Sa-Localization.app"; sourceTree = BUILT_PRODUCTS_DIR; };
		29FD7CB6211116B70011B544 /* AppDelegate.swift */ = {isa = PBXFileReference; lastKnownFileType = sourcecode.swift; path = AppDelegate.swift; sourceTree = "<group>"; };
		29FD7CB8211116B70011B544 /* ViewController.swift */ = {isa = PBXFileReference; lastKnownFileType = sourcecode.swift; path = ViewController.swift; sourceTree = "<group>"; };
		29FD7CBB211116B70011B544 /* Base */ = {isa = PBXFileReference; lastKnownFileType = file.storyboard; name = Base; path = Base.lproj/Main.storyboard; sourceTree = "<group>"; };
		29FD7CBD211116B80011B544 /* Assets.xcassets */ = {isa = PBXFileReference; lastKnownFileType = folder.assetcatalog; path = Assets.xcassets; sourceTree = "<group>"; };
		29FD7CC0211116B80011B544 /* Base */ = {isa = PBXFileReference; lastKnownFileType = file.storyboard; name = Base; path = Base.lproj/LaunchScreen.storyboard; sourceTree = "<group>"; };
		29FD7CC2211116B80011B544 /* Info.plist */ = {isa = PBXFileReference; lastKnownFileType = text.plist.xml; path = Info.plist; sourceTree = "<group>"; };
		29FD7CD1211116E40011B544 /* Language.swift */ = {isa = PBXFileReference; fileEncoding = 4; lastKnownFileType = sourcecode.swift; path = Language.swift; sourceTree = "<group>"; };
		29FD7CD2211116E40011B544 /* MirroringLabel.swift */ = {isa = PBXFileReference; fileEncoding = 4; lastKnownFileType = sourcecode.swift; path = MirroringLabel.swift; sourceTree = "<group>"; };
		29FD7CD4211116E50011B544 /* Localizer.swift */ = {isa = PBXFileReference; fileEncoding = 4; lastKnownFileType = sourcecode.swift; path = Localizer.swift; sourceTree = "<group>"; };
		29FD7CDB2111187A0011B544 /* ar */ = {isa = PBXFileReference; lastKnownFileType = text.plist.strings; name = ar; path = ar.lproj/LaunchScreen.strings; sourceTree = "<group>"; };
		29FD7CDD211118F20011B544 /* ar */ = {isa = PBXFileReference; lastKnownFileType = text.plist.strings; name = ar; path = ar.lproj/Main.strings; sourceTree = "<group>"; };
		29FD7CDE211119830011B544 /* AddViewController.swift */ = {isa = PBXFileReference; lastKnownFileType = sourcecode.swift; path = AddViewController.swift; sourceTree = "<group>"; };
		29FD7CE321111B080011B544 /* en */ = {isa = PBXFileReference; lastKnownFileType = text.plist.strings; name = en; path = en.lproj/Localizable.strings; sourceTree = "<group>"; };
		29FD7CE521111B0A0011B544 /* ar */ = {isa = PBXFileReference; lastKnownFileType = text.plist.strings; name = ar; path = ar.lproj/Localizable.strings; sourceTree = "<group>"; };
/* End PBXFileReference section */

/* Begin PBXFrameworksBuildPhase section */
		29FD7CB0211116B70011B544 /* Frameworks */ = {
			isa = PBXFrameworksBuildPhase;
			buildActionMask = 2147483647;
			files = (
			);
			runOnlyForDeploymentPostprocessing = 0;
		};
/* End PBXFrameworksBuildPhase section */

/* Begin PBXGroup section */
		29FD7CAA211116B70011B544 = {
			isa = PBXGroup;
			children = (
				29FD7CB5211116B70011B544 /* Sa-Localization */,
				29FD7CB4211116B70011B544 /* Products */,
			);
			sourceTree = "<group>";
		};
		29FD7CB4211116B70011B544 /* Products */ = {
			isa = PBXGroup;
			children = (
				29FD7CB3211116B70011B544 /* Sa-Localization.app */,
			);
			name = Products;
			sourceTree = "<group>";
		};
		29FD7CB5211116B70011B544 /* Sa-Localization */ = {
			isa = PBXGroup;
			children = (
				29FD7CD9211116F40011B544 /* 🇪🇬Localizer */,
				29FD7CB6211116B70011B544 /* AppDelegate.swift */,
				29FD7CB8211116B70011B544 /* ViewController.swift */,
				29FD7CDE211119830011B544 /* AddViewController.swift */,
				29FD7CBA211116B70011B544 /* Main.storyboard */,
				29FD7CBD211116B80011B544 /* Assets.xcassets */,
				29FD7CBF211116B80011B544 /* LaunchScreen.storyboard */,
				29FD7CC2211116B80011B544 /* Info.plist */,
				29FD7CE421111B080011B544 /* Localizable.strings */,
			);
			path = "Sa-Localization";
			sourceTree = "<group>";
		};
		29FD7CD9211116F40011B544 /* 🇪🇬Localizer */ = {
			isa = PBXGroup;
			children = (
				29FD7CD1211116E40011B544 /* Language.swift */,
				29FD7CD4211116E50011B544 /* Localizer.swift */,
				29FD7CD2211116E40011B544 /* MirroringLabel.swift */,
			);
			name = "🇪🇬Localizer";
			path = "New Group";
			sourceTree = "<group>";
		};
/* End PBXGroup section */

/* Begin PBXNativeTarget section */
		29FD7CB2211116B70011B544 /* Sa-Localization */ = {
			isa = PBXNativeTarget;
			buildConfigurationList = 29FD7CC5211116B80011B544 /* Build configuration list for PBXNativeTarget "Sa-Localization" */;
			buildPhases = (
				29FD7CAF211116B70011B544 /* Sources */,
				29FD7CB0211116B70011B544 /* Frameworks */,
				29FD7CB1211116B70011B544 /* Resources */,
			);
			buildRules = (
			);
			dependencies = (
			);
			name = "Sa-Localization";
			productName = "Sa-Localization";
			productReference = 29FD7CB3211116B70011B544 /* Sa-Localization.app */;
			productType = "com.apple.product-type.application";
		};
/* End PBXNativeTarget section */

/* Begin PBXProject section */
		29FD7CAB211116B70011B544 /* Project object */ = {
			isa = PBXProject;
			attributes = {
				LastSwiftUpdateCheck = 0930;
				LastUpgradeCheck = 0930;
				ORGANIZATIONNAME = Khaled;
				TargetAttributes = {
					29FD7CB2211116B70011B544 = {
						CreatedOnToolsVersion = 9.3;
					};
				};
			};
			buildConfigurationList = 29FD7CAE211116B70011B544 /* Build configuration list for PBXProject "Sa-Localization" */;
			compatibilityVersion = "Xcode 9.3";
			developmentRegion = en;
			hasScannedForEncodings = 0;
			knownRegions = (
				en,
				Base,
				ar,
			);
			mainGroup = 29FD7CAA211116B70011B544;
			productRefGroup = 29FD7CB4211116B70011B544 /* Products */;
			projectDirPath = "";
			projectRoot = "";
			targets = (
				29FD7CB2211116B70011B544 /* Sa-Localization */,
			);
		};
/* End PBXProject section */

/* Begin PBXResourcesBuildPhase section */
		29FD7CB1211116B70011B544 /* Resources */ = {
			isa = PBXResourcesBuildPhase;
			buildActionMask = 2147483647;
			files = (
				29FD7CC1211116B80011B544 /* LaunchScreen.storyboard in Resources */,
				29FD7CE221111B080011B544 /* Localizable.strings in Resources */,
				29FD7CBE211116B80011B544 /* Assets.xcassets in Resources */,
				29FD7CBC211116B70011B544 /* Main.storyboard in Resources */,
			);
			runOnlyForDeploymentPostprocessing = 0;
		};
/* End PBXResourcesBuildPhase section */

/* Begin PBXSourcesBuildPhase section */
		29FD7CAF211116B70011B544 /* Sources */ = {
			isa = PBXSourcesBuildPhase;
			buildActionMask = 2147483647;
			files = (
				29FD7CD6211116E50011B544 /* MirroringLabel.swift in Sources */,
				29FD7CD5211116E50011B544 /* Language.swift in Sources */,
				29FD7CDF211119830011B544 /* AddViewController.swift in Sources */,
				29FD7CD8211116E50011B544 /* Localizer.swift in Sources */,
				29FD7CB9211116B70011B544 /* ViewController.swift in Sources */,
				29FD7CB7211116B70011B544 /* AppDelegate.swift in Sources */,
			);
			runOnlyForDeploymentPostprocessing = 0;
		};
/* End PBXSourcesBuildPhase section */

/* Begin PBXVariantGroup section */
		29FD7CBA211116B70011B544 /* Main.storyboard */ = {
			isa = PBXVariantGroup;
			children = (
				29FD7CBB211116B70011B544 /* Base */,
				29FD7CDD211118F20011B544 /* ar */,
			);
			name = Main.storyboard;
			sourceTree = "<group>";
		};
		29FD7CBF211116B80011B544 /* LaunchScreen.storyboard */ = {
			isa = PBXVariantGroup;
			children = (
				29FD7CC0211116B80011B544 /* Base */,
				29FD7CDB2111187A0011B544 /* ar */,
			);
			name = LaunchScreen.storyboard;
			sourceTree = "<group>";
		};
		29FD7CE421111B080011B544 /* Localizable.strings */ = {
			isa = PBXVariantGroup;
			children = (
				29FD7CE321111B080011B544 /* en */,
				29FD7CE521111B0A0011B544 /* ar */,
			);
			name = Localizable.strings;
			sourceTree = "<group>";
		};
/* End PBXVariantGroup section */

/* Begin XCBuildConfiguration section */
		29FD7CC3211116B80011B544 /* Debug */ = {
			isa = XCBuildConfiguration;
			buildSettings = {
				ALWAYS_SEARCH_USER_PATHS = NO;
				CLANG_ANALYZER_LOCALIZABILITY_NONLOCALIZED = YES;
				CLANG_ANALYZER_NONNULL = YES;
				CLANG_ANALYZER_NUMBER_OBJECT_CONVERSION = YES_AGGRESSIVE;
				CLANG_CXX_LANGUAGE_STANDARD = "gnu++14";
				CLANG_CXX_LIBRARY = "libc++";
				CLANG_ENABLE_MODULES = YES;
				CLANG_ENABLE_OBJC_ARC = YES;
				CLANG_ENABLE_OBJC_WEAK = YES;
				CLANG_WARN_BLOCK_CAPTURE_AUTORELEASING = YES;
				CLANG_WARN_BOOL_CONVERSION = YES;
				CLANG_WARN_COMMA = YES;
				CLANG_WARN_CONSTANT_CONVERSION = YES;
				CLANG_WARN_DEPRECATED_OBJC_IMPLEMENTATIONS = YES;
				CLANG_WARN_DIRECT_OBJC_ISA_USAGE = YES_ERROR;
				CLANG_WARN_DOCUMENTATION_COMMENTS = YES;
				CLANG_WARN_EMPTY_BODY = YES;
				CLANG_WARN_ENUM_CONVERSION = YES;
				CLANG_WARN_INFINITE_RECURSION = YES;
				CLANG_WARN_INT_CONVERSION = YES;
				CLANG_WARN_NON_LITERAL_NULL_CONVERSION = YES;
				CLANG_WARN_OBJC_IMPLICIT_RETAIN_SELF = YES;
				CLANG_WARN_OBJC_LITERAL_CONVERSION = YES;
				CLANG_WARN_OBJC_ROOT_CLASS = YES_ERROR;
				CLANG_WARN_RANGE_LOOP_ANALYSIS = YES;
				CLANG_WARN_STRICT_PROTOTYPES = YES;
				CLANG_WARN_SUSPICIOUS_MOVE = YES;
				CLANG_WARN_UNGUARDED_AVAILABILITY = YES_AGGRESSIVE;
				CLANG_WARN_UNREACHABLE_CODE = YES;
				CLANG_WARN__DUPLICATE_METHOD_MATCH = YES;
				CODE_SIGN_IDENTITY = "iPhone Developer";
				COPY_PHASE_STRIP = NO;
				DEBUG_INFORMATION_FORMAT = dwarf;
				ENABLE_STRICT_OBJC_MSGSEND = YES;
				ENABLE_TESTABILITY = YES;
				GCC_C_LANGUAGE_STANDARD = gnu11;
				GCC_DYNAMIC_NO_PIC = NO;
				GCC_NO_COMMON_BLOCKS = YES;
				GCC_OPTIMIZATION_LEVEL = 0;
				GCC_PREPROCESSOR_DEFINITIONS = (
					"DEBUG=1",
					"$(inherited)",
				);
				GCC_WARN_64_TO_32_BIT_CONVERSION = YES;
				GCC_WARN_ABOUT_RETURN_TYPE = YES_ERROR;
				GCC_WARN_UNDECLARED_SELECTOR = YES;
				GCC_WARN_UNINITIALIZED_AUTOS = YES_AGGRESSIVE;
				GCC_WARN_UNUSED_FUNCTION = YES;
				GCC_WARN_UNUSED_VARIABLE = YES;
				IPHONEOS_DEPLOYMENT_TARGET = 11.3;
				MTL_ENABLE_DEBUG_INFO = YES;
				ONLY_ACTIVE_ARCH = YES;
				SDKROOT = iphoneos;
				SWIFT_ACTIVE_COMPILATION_CONDITIONS = DEBUG;
				SWIFT_OPTIMIZATION_LEVEL = "-Onone";
			};
			name = Debug;
		};
		29FD7CC4211116B80011B544 /* Release */ = {
			isa = XCBuildConfiguration;
			buildSettings = {
				ALWAYS_SEARCH_USER_PATHS = NO;
				CLANG_ANALYZER_LOCALIZABILITY_NONLOCALIZED = YES;
				CLANG_ANALYZER_NONNULL = YES;
				CLANG_ANALYZER_NUMBER_OBJECT_CONVERSION = YES_AGGRESSIVE;
				CLANG_CXX_LANGUAGE_STANDARD = "gnu++14";
				CLANG_CXX_LIBRARY = "libc++";
				CLANG_ENABLE_MODULES = YES;
				CLANG_ENABLE_OBJC_ARC = YES;
				CLANG_ENABLE_OBJC_WEAK = YES;
				CLANG_WARN_BLOCK_CAPTURE_AUTORELEASING = YES;
				CLANG_WARN_BOOL_CONVERSION = YES;
				CLANG_WARN_COMMA = YES;
				CLANG_WARN_CONSTANT_CONVERSION = YES;
				CLANG_WARN_DEPRECATED_OBJC_IMPLEMENTATIONS = YES;
				CLANG_WARN_DIRECT_OBJC_ISA_USAGE = YES_ERROR;
				CLANG_WARN_DOCUMENTATION_COMMENTS = YES;
				CLANG_WARN_EMPTY_BODY = YES;
				CLANG_WARN_ENUM_CONVERSION = YES;
				CLANG_WARN_INFINITE_RECURSION = YES;
				CLANG_WARN_INT_CONVERSION = YES;
				CLANG_WARN_NON_LITERAL_NULL_CONVERSION = YES;
				CLANG_WARN_OBJC_IMPLICIT_RETAIN_SELF = YES;
				CLANG_WARN_OBJC_LITERAL_CONVERSION = YES;
				CLANG_WARN_OBJC_ROOT_CLASS = YES_ERROR;
				CLANG_WARN_RANGE_LOOP_ANALYSIS = YES;
				CLANG_WARN_STRICT_PROTOTYPES = YES;
				CLANG_WARN_SUSPICIOUS_MOVE = YES;
				CLANG_WARN_UNGUARDED_AVAILABILITY = YES_AGGRESSIVE;
				CLANG_WARN_UNREACHABLE_CODE = YES;
				CLANG_WARN__DUPLICATE_METHOD_MATCH = YES;
				CODE_SIGN_IDENTITY = "iPhone Developer";
				COPY_PHASE_STRIP = NO;
				DEBUG_INFORMATION_FORMAT = "dwarf-with-dsym";
				ENABLE_NS_ASSERTIONS = NO;
				ENABLE_STRICT_OBJC_MSGSEND = YES;
				GCC_C_LANGUAGE_STANDARD = gnu11;
				GCC_NO_COMMON_BLOCKS = YES;
				GCC_WARN_64_TO_32_BIT_CONVERSION = YES;
				GCC_WARN_ABOUT_RETURN_TYPE = YES_ERROR;
				GCC_WARN_UNDECLARED_SELECTOR = YES;
				GCC_WARN_UNINITIALIZED_AUTOS = YES_AGGRESSIVE;
				GCC_WARN_UNUSED_FUNCTION = YES;
				GCC_WARN_UNUSED_VARIABLE = YES;
				IPHONEOS_DEPLOYMENT_TARGET = 11.3;
				MTL_ENABLE_DEBUG_INFO = NO;
				SDKROOT = iphoneos;
				SWIFT_COMPILATION_MODE = wholemodule;
				SWIFT_OPTIMIZATION_LEVEL = "-O";
				VALIDATE_PRODUCT = YES;
			};
			name = Release;
		};
		29FD7CC6211116B80011B544 /* Debug */ = {
			isa = XCBuildConfiguration;
			buildSettings = {
				ASSETCATALOG_COMPILER_APPICON_NAME = AppIcon;
				CODE_SIGN_STYLE = Automatic;
				INFOPLIST_FILE = "Sa-Localization/Info.plist";
				LD_RUNPATH_SEARCH_PATHS = (
					"$(inherited)",
					"@executable_path/Frameworks",
				);
				PRODUCT_BUNDLE_IDENTIFIER = "com.saned.Sa-Localization";
				PRODUCT_NAME = "$(TARGET_NAME)";
				SWIFT_VERSION = 4.0;
				TARGETED_DEVICE_FAMILY = "1,2";
			};
			name = Debug;
		};
		29FD7CC7211116B80011B544 /* Release */ = {
			isa = XCBuildConfiguration;
			buildSettings = {
				ASSETCATALOG_COMPILER_APPICON_NAME = AppIcon;
				CODE_SIGN_STYLE = Automatic;
				INFOPLIST_FILE = "Sa-Localization/Info.plist";
				LD_RUNPATH_SEARCH_PATHS = (
					"$(inherited)",
					"@executable_path/Frameworks",
				);
				PRODUCT_BUNDLE_IDENTIFIER = "com.saned.Sa-Localization";
				PRODUCT_NAME = "$(TARGET_NAME)";
				SWIFT_VERSION = 4.0;
				TARGETED_DEVICE_FAMILY = "1,2";
			};
			name = Release;
		};
/* End XCBuildConfiguration section */

/* Begin XCConfigurationList section */
		29FD7CAE211116B70011B544 /* Build configuration list for PBXProject "Sa-Localization" */ = {
			isa = XCConfigurationList;
			buildConfigurations = (
				29FD7CC3211116B80011B544 /* Debug */,
				29FD7CC4211116B80011B544 /* Release */,
			);
			defaultConfigurationIsVisible = 0;
			defaultConfigurationName = Release;
		};
		29FD7CC5211116B80011B544 /* Build configuration list for PBXNativeTarget "Sa-Localization" */ = {
			isa = XCConfigurationList;
			buildConfigurations = (
				29FD7CC6211116B80011B544 /* Debug */,
				29FD7CC7211116B80011B544 /* Release */,
			);
			defaultConfigurationIsVisible = 0;
			defaultConfigurationName = Release;
		};
/* End XCConfigurationList section */
	};
	rootObject = 29FD7CAB211116B70011B544 /* Project object */;
}
